// !$*UTF8*$!
{
	archiveVersion = 1;
	classes = {
	};
	objectVersion = 77;
	objects = {

/* Begin PBXBuildFile section */
		8805B7A42FCC246600AA4FBA /* libEndpointSecurity.tbd in Frameworks */ = {isa = PBXBuildFile; fileRef = 8805B7A32FCC246600AA4FBA /* libEndpointSecurity.tbd */; };
		8805B7AC2FCC246600AA4FBA /* com.ehsanazish.nick.NickExtension.systemextension in Embed System Extensions */ = {isa = PBXBuildFile; fileRef = 8805B7A12FCC246600AA4FBA /* com.ehsanazish.nick.NickExtension.systemextension */; settings = {ATTRIBUTES = (RemoveHeadersOnCopy, ); }; };
		AA11223344556677AABB0011 /* ESEvent.swift in Sources */ = {isa = PBXBuildFile; fileRef = AA11223344556677AABB0001 /* ESEvent.swift */; };
		AA11223344556677AABB0012 /* NickExtensionXPCProtocol.swift in Sources */ = {isa = PBXBuildFile; fileRef = AA11223344556677AABB0002 /* NickExtensionXPCProtocol.swift */; };
		AA11223344556677AABB0013 /* NickExtensionConstants.swift in Sources */ = {isa = PBXBuildFile; fileRef = AA11223344556677AABB0003 /* NickExtensionConstants.swift */; };
		AA11223344556677AABB0014 /* QuarantineTypes.swift in Sources */ = {isa = PBXBuildFile; fileRef = AA11223344556677AABB0004 /* QuarantineTypes.swift */; };
		AA11223344556677AABB0015 /* YARAEngine.swift in Sources */ = {isa = PBXBuildFile; fileRef = AA11223344556677AABB0005 /* YARAEngine.swift */; };
		AA11223344556677AABB0016 /* YARAMatch.swift in Sources */ = {isa = PBXBuildFile; fileRef = AA11223344556677AABB0006 /* YARAMatch.swift */; };
		BB55CC11DDEEFF00AA220061 /* NetworkExtension.framework in Frameworks */ = {isa = PBXBuildFile; fileRef = BB55CC11DDEEFF00AA220060 /* NetworkExtension.framework */; };
		BB55CC11DDEEFF00AA220062 /* NetworkExtension.framework in Frameworks */ = {isa = PBXBuildFile; fileRef = BB55CC11DDEEFF00AA220060 /* NetworkExtension.framework */; };
		BB55CC11DDEEFF00AA220063 /* com.ehsanazish.nick.NickNetFilter.systemextension in Embed System Extensions */ = {isa = PBXBuildFile; fileRef = BB55CC11DDEEFF00AA220001 /* com.ehsanazish.nick.NickNetFilter.systemextension */; settings = {ATTRIBUTES = (RemoveHeadersOnCopy, ); }; };
		CC7788AA11223344BBEE0001 /* Sparkle in Frameworks */ = {isa = PBXBuildFile; productRef = 88C895112FCC7FC100617073 /* Sparkle */; };
		D10000000000000000000001 /* Nick Uninstaller.app in Embed Uninstaller */ = {isa = PBXBuildFile; fileRef = D10000000000000000000002 /* Nick Uninstaller.app */; settings = {ATTRIBUTES = (CodeSignOnCopy, RemoveHeadersOnCopy, ); }; };
		E40000000000000000000001 /* NetworkProtectionPolicy.swift in Sources */ = {isa = PBXBuildFile; fileRef = E40000000000000000000000 /* NetworkProtectionPolicy.swift */; };
		E40000000000000000000002 /* NetworkProtectionPolicy.swift in Sources */ = {isa = PBXBuildFile; fileRef = E40000000000000000000000 /* NetworkProtectionPolicy.swift */; };
		E40000000000000000000004 /* ScamGuardian.swift in Sources */ = {isa = PBXBuildFile; fileRef = E40000000000000000000003 /* ScamGuardian.swift */; };
		E40000000000000000000006 /* RansomwareNotePolicy.swift in Sources */ = {isa = PBXBuildFile; fileRef = E40000000000000000000005 /* RansomwareNotePolicy.swift */; };
		E40000000000000000000007 /* RansomwareNotePolicy.swift in Sources */ = {isa = PBXBuildFile; fileRef = E40000000000000000000005 /* RansomwareNotePolicy.swift */; };
/* End PBXBuildFile section */

/* Begin PBXContainerItemProxy section */
		04088AF375E1364BBB22476F /* PBXContainerItemProxy */ = {
			isa = PBXContainerItemProxy;
			containerPortal = A7B63905B7F834888F9EACCE /* Project object */;
			proxyType = 1;
			remoteGlobalIDString = 34AB00A397D4C574D27D4777;
			remoteInfo = NickHelper;
		};
		48A832D3FA3AB4C7031A0EE0 /* PBXContainerItemProxy */ = {
			isa = PBXContainerItemProxy;
			containerPortal = A7B63905B7F834888F9EACCE /* Project object */;
			proxyType = 1;
			remoteGlobalIDString = A7068781809A7A01D520A3F7;
			remoteInfo = Nick;
		};
		6A2325E00566DFE3F04D7C56 /* PBXContainerItemProxy */ = {
			isa = PBXContainerItemProxy;
			containerPortal = A7B63905B7F834888F9EACCE /* Project object */;
			proxyType = 1;
			remoteGlobalIDString = A7068781809A7A01D520A3F7;
			remoteInfo = Nick;
		};
		8805B7AA2FCC246600AA4FBA /* PBXContainerItemProxy */ = {
			isa = PBXContainerItemProxy;
			containerPortal = A7B63905B7F834888F9EACCE /* Project object */;
			proxyType = 1;
			remoteGlobalIDString = 8805B7A02FCC246600AA4FBA;
			remoteInfo = NickExtension;
		};
		BB55CC11DDEEFF00AA220030 /* PBXContainerItemProxy */ = {
			isa = PBXContainerItemProxy;
			containerPortal = A7B63905B7F834888F9EACCE /* Project object */;
			proxyType = 1;
			remoteGlobalIDString = BB55CC11DDEEFF00AA220020;
			remoteInfo = NickNetFilter;
		};
		D10000000000000000000003 /* PBXContainerItemProxy */ = {
			isa = PBXContainerItemProxy;
			containerPortal = A7B63905B7F834888F9EACCE /* Project object */;
			proxyType = 1;
			remoteGlobalIDString = D10000000000000000000010;
			remoteInfo = NickUninstaller;
		};
/* End PBXContainerItemProxy section */

/* Begin PBXCopyFilesBuildPhase section */
		8805B7B12FCC246600AA4FBA /* Embed System Extensions */ = {
			isa = PBXCopyFilesBuildPhase;
			buildActionMask = 2147483647;
			dstPath = "$(SYSTEM_EXTENSIONS_FOLDER_PATH)";
			dstSubfolderSpec = 16;
			files = (
				8805B7AC2FCC246600AA4FBA /* com.ehsanazish.nick.NickExtension.systemextension in Embed System Extensions */,
				BB55CC11DDEEFF00AA220063 /* com.ehsanazish.nick.NickNetFilter.systemextension in Embed System Extensions */,
			);
			name = "Embed System Extensions";
			runOnlyForDeploymentPostprocessing = 0;
		};
		D10000000000000000000004 /* Embed Uninstaller */ = {
			isa = PBXCopyFilesBuildPhase;
			buildActionMask = 2147483647;
			dstPath = Contents/Applications;
			dstSubfolderSpec = 1;
			files = (
				D10000000000000000000001 /* Nick Uninstaller.app in Embed Uninstaller */,
			);
			name = "Embed Uninstaller";
			runOnlyForDeploymentPostprocessing = 0;
		};
/* End PBXCopyFilesBuildPhase section */

/* Begin PBXFileReference section */
		1E8F435E967C1E411C4372EE /* NickTests.xctest */ = {isa = PBXFileReference; explicitFileType = wrapper.cfbundle; includeInIndex = 0; path = NickTests.xctest; sourceTree = BUILT_PRODUCTS_DIR; };
		38DFE5592D83150BDECCFBB9 /* NickIntegrationTests.xctest */ = {isa = PBXFileReference; explicitFileType = wrapper.cfbundle; includeInIndex = 0; path = NickIntegrationTests.xctest; sourceTree = BUILT_PRODUCTS_DIR; };
		5CA9A7DC5A8387423EC9412E /* NickHelper */ = {isa = PBXFileReference; explicitFileType = "compiled.mach-o.executable"; includeInIndex = 0; path = NickHelper; sourceTree = BUILT_PRODUCTS_DIR; };
		8805B7A12FCC246600AA4FBA /* com.ehsanazish.nick.NickExtension.systemextension */ = {isa = PBXFileReference; explicitFileType = "wrapper.system-extension"; includeInIndex = 0; path = com.ehsanazish.nick.NickExtension.systemextension; sourceTree = BUILT_PRODUCTS_DIR; };
		8805B7A32FCC246600AA4FBA /* libEndpointSecurity.tbd */ = {isa = PBXFileReference; lastKnownFileType = "sourcecode.text-based-dylib-definition"; name = libEndpointSecurity.tbd; path = usr/lib/libEndpointSecurity.tbd; sourceTree = SDKROOT; };
		8B8901B2276260484B8A6A0C /* Nick.app */ = {isa = PBXFileReference; explicitFileType = wrapper.application; includeInIndex = 0; path = Nick.app; sourceTree = BUILT_PRODUCTS_DIR; };
		AA11223344556677AABB0001 /* ESEvent.swift */ = {isa = PBXFileReference; lastKnownFileType = sourcecode.swift; name = ESEvent.swift; path = NickExtension/Shared/ESEvent.swift; sourceTree = SOURCE_ROOT; };
		AA11223344556677AABB0002 /* NickExtensionXPCProtocol.swift */ = {isa = PBXFileReference; lastKnownFileType = sourcecode.swift; name = NickExtensionXPCProtocol.swift; path = NickExtension/Shared/NickExtensionXPCProtocol.swift; sourceTree = SOURCE_ROOT; };
		AA11223344556677AABB0003 /* NickExtensionConstants.swift */ = {isa = PBXFileReference; lastKnownFileType = sourcecode.swift; name = NickExtensionConstants.swift; path = NickExtension/Shared/NickExtensionConstants.swift; sourceTree = SOURCE_ROOT; };
		AA11223344556677AABB0004 /* QuarantineTypes.swift */ = {isa = PBXFileReference; lastKnownFileType = sourcecode.swift; name = QuarantineTypes.swift; path = NickExtension/Shared/QuarantineTypes.swift; sourceTree = SOURCE_ROOT; };
		AA11223344556677AABB0005 /* YARAEngine.swift */ = {isa = PBXFileReference; lastKnownFileType = sourcecode.swift; name = YARAEngine.swift; path = Nick/Core/YARAEngine/YARAEngine.swift; sourceTree = SOURCE_ROOT; };
		AA11223344556677AABB0006 /* YARAMatch.swift */ = {isa = PBXFileReference; lastKnownFileType = sourcecode.swift; name = YARAMatch.swift; path = Nick/Core/YARAEngine/YARAMatch.swift; sourceTree = SOURCE_ROOT; };
		BB55CC11DDEEFF00AA220001 /* com.ehsanazish.nick.NickNetFilter.systemextension */ = {isa = PBXFileReference; explicitFileType = "wrapper.system-extension"; includeInIndex = 0; path = com.ehsanazish.nick.NickNetFilter.systemextension; sourceTree = BUILT_PRODUCTS_DIR; };
		BB55CC11DDEEFF00AA220060 /* NetworkExtension.framework */ = {isa = PBXFileReference; lastKnownFileType = wrapper.framework; name = NetworkExtension.framework; path = System/Library/Frameworks/NetworkExtension.framework; sourceTree = SDKROOT; };
		D10000000000000000000002 /* Nick Uninstaller.app */ = {isa = PBXFileReference; explicitFileType = wrapper.application; includeInIndex = 0; path = "Nick Uninstaller.app"; sourceTree = BUILT_PRODUCTS_DIR; };
		E40000000000000000000000 /* NetworkProtectionPolicy.swift */ = {isa = PBXFileReference; lastKnownFileType = sourcecode.swift; name = NetworkProtectionPolicy.swift; path = Shared/NetworkProtectionPolicy.swift; sourceTree = SOURCE_ROOT; };
		E40000000000000000000005 /* RansomwareNotePolicy.swift */ = {isa = PBXFileReference; lastKnownFileType = sourcecode.swift; name = RansomwareNotePolicy.swift; path = Shared/RansomwareNotePolicy.swift; sourceTree = SOURCE_ROOT; };
		E40000000000000000000003 /* ScamGuardian.swift */ = {isa = PBXFileReference; lastKnownFileType = sourcecode.swift; name = ScamGuardian.swift; path = NickNetFilter/ScamGuardian.swift; sourceTree = SOURCE_ROOT; };
/* End PBXFileReference section */

/* Begin PBXFileSystemSynchronizedBuildFileExceptionSet section */
		8805B7B02FCC246600AA4FBA /* Exceptions for "NickExtension" folder in "NickExtension" target */ = {
			isa = PBXFileSystemSynchronizedBuildFileExceptionSet;
			membershipExceptions = (
				Info.plist,
			);
			target = 8805B7A02FCC246600AA4FBA /* NickExtension */;
		};
		885ADC712FBFAF9F00664E7B /* Exceptions for "Nick" folder in "Nick" target */ = {
			isa = PBXFileSystemSynchronizedBuildFileExceptionSet;
			membershipExceptions = (
				Info.plist,
			);
			target = A7068781809A7A01D520A3F7 /* Nick */;
		};
		BB55CC11DDEEFF00AA220003 /* Exceptions for "NickNetFilter" folder in "NickNetFilter" target */ = {
			isa = PBXFileSystemSynchronizedBuildFileExceptionSet;
			membershipExceptions = (
				Info.plist,
			);
			target = BB55CC11DDEEFF00AA220020 /* NickNetFilter */;
		};
		D10000000000000000000005 /* Exceptions for "NickUninstaller" folder in "NickUninstaller" target */ = {
			isa = PBXFileSystemSynchronizedBuildFileExceptionSet;
			membershipExceptions = (
				Info.plist,
			);
			target = D10000000000000000000010 /* NickUninstaller */;
		};
/* End PBXFileSystemSynchronizedBuildFileExceptionSet section */

/* Begin PBXFileSystemSynchronizedRootGroup section */
		8805B7A52FCC246600AA4FBA /* NickExtension */ = {
			isa = PBXFileSystemSynchronizedRootGroup;
			exceptions = (
				8805B7B02FCC246600AA4FBA /* Exceptions for "NickExtension" folder in "NickExtension" target */,
			);
			path = NickExtension;
			sourceTree = "<group>";
		};
		885ADC512FBFAF9E00664E7B /* Nick */ = {
			isa = PBXFileSystemSynchronizedRootGroup;
			exceptions = (
				885ADC712FBFAF9F00664E7B /* Exceptions for "Nick" folder in "Nick" target */,
			);
			path = Nick;
			sourceTree = "<group>";
		};
		885ADC752FBFAFA200664E7B /* NickHelper */ = {
			isa = PBXFileSystemSynchronizedRootGroup;
			path = NickHelper;
			sourceTree = "<group>";
		};
		885ADC792FBFAFA600664E7B /* NickIntegrationTests */ = {
			isa = PBXFileSystemSynchronizedRootGroup;
			path = NickIntegrationTests;
			sourceTree = "<group>";
		};
		885ADC842FBFAFA900664E7B /* NickTests */ = {
			isa = PBXFileSystemSynchronizedRootGroup;
			path = NickTests;
			sourceTree = "<group>";
		};
		BB55CC11DDEEFF00AA220002 /* NickNetFilter */ = {
			isa = PBXFileSystemSynchronizedRootGroup;
			exceptions = (
				BB55CC11DDEEFF00AA220003 /* Exceptions for "NickNetFilter" folder in "NickNetFilter" target */,
			);
			path = NickNetFilter;
			sourceTree = "<group>";
		};
		D10000000000000000000006 /* NickUninstaller */ = {
			isa = PBXFileSystemSynchronizedRootGroup;
			exceptions = (
				D10000000000000000000005 /* Exceptions for "NickUninstaller" folder in "NickUninstaller" target */,
			);
			path = NickUninstaller;
			sourceTree = "<group>";
		};
/* End PBXFileSystemSynchronizedRootGroup section */

/* Begin PBXFrameworksBuildPhase section */
		8805B79E2FCC246600AA4FBA /* Frameworks */ = {
			isa = PBXFrameworksBuildPhase;
			buildActionMask = 2147483647;
			files = (
				8805B7A42FCC246600AA4FBA /* libEndpointSecurity.tbd in Frameworks */,
			);
			runOnlyForDeploymentPostprocessing = 0;
		};
		BB55CC11DDEEFF00AA220011 /* Frameworks */ = {
			isa = PBXFrameworksBuildPhase;
			buildActionMask = 2147483647;
			files = (
				BB55CC11DDEEFF00AA220061 /* NetworkExtension.framework in Frameworks */,
			);
			runOnlyForDeploymentPostprocessing = 0;
		};
		CC7788AA11223344BBEE0002 /* Frameworks */ = {
			isa = PBXFrameworksBuildPhase;
			buildActionMask = 2147483647;
			files = (
				CC7788AA11223344BBEE0001 /* Sparkle in Frameworks */,
				BB55CC11DDEEFF00AA220062 /* NetworkExtension.framework in Frameworks */,
			);
			runOnlyForDeploymentPostprocessing = 0;
		};
		D10000000000000000000007 /* Frameworks */ = {
			isa = PBXFrameworksBuildPhase;
			buildActionMask = 2147483647;
			files = (
			);
			runOnlyForDeploymentPostprocessing = 0;
		};
/* End PBXFrameworksBuildPhase section */

/* Begin PBXGroup section */
		428C90590A8B2419274FDF24 /* Products */ = {
			isa = PBXGroup;
			children = (
				8B8901B2276260484B8A6A0C /* Nick.app */,
				5CA9A7DC5A8387423EC9412E /* NickHelper */,
				38DFE5592D83150BDECCFBB9 /* NickIntegrationTests.xctest */,
				1E8F435E967C1E411C4372EE /* NickTests.xctest */,
				8805B7A12FCC246600AA4FBA /* com.ehsanazish.nick.NickExtension.systemextension */,
				D10000000000000000000002 /* Nick Uninstaller.app */,
			);
			name = Products;
			sourceTree = "<group>";
		};
		8805B7A22FCC246600AA4FBA /* Frameworks */ = {
			isa = PBXGroup;
			children = (
				8805B7A32FCC246600AA4FBA /* libEndpointSecurity.tbd */,
				BB55CC11DDEEFF00AA220060 /* NetworkExtension.framework */,
			);
			name = Frameworks;
			sourceTree = "<group>";
		};
		8805BB8F2FCC3A3200AA4FBA /* Recovered References */ = {
			isa = PBXGroup;
			children = (
				AA11223344556677AABB0001 /* ESEvent.swift */,
				AA11223344556677AABB0002 /* NickExtensionXPCProtocol.swift */,
				AA11223344556677AABB0003 /* NickExtensionConstants.swift */,
				AA11223344556677AABB0004 /* QuarantineTypes.swift */,
				BB55CC11DDEEFF00AA220001 /* com.ehsanazish.nick.NickNetFilter.systemextension */,
				AA11223344556677AABB0005 /* YARAEngine.swift */,
				AA11223344556677AABB0006 /* YARAMatch.swift */,
				E40000000000000000000000 /* NetworkProtectionPolicy.swift */,
				E40000000000000000000005 /* RansomwareNotePolicy.swift */,
				E40000000000000000000003 /* ScamGuardian.swift */,
			);
			name = "Recovered References";
			sourceTree = "<group>";
		};
		BCABA6CBA60235CC5F3E0F78 = {
			isa = PBXGroup;
			children = (
				885ADC512FBFAF9E00664E7B /* Nick */,
				885ADC752FBFAFA200664E7B /* NickHelper */,
				885ADC792FBFAFA600664E7B /* NickIntegrationTests */,
				885ADC842FBFAFA900664E7B /* NickTests */,
				8805B7A52FCC246600AA4FBA /* NickExtension */,
				BB55CC11DDEEFF00AA220002 /* NickNetFilter */,
				D10000000000000000000006 /* NickUninstaller */,
				8805B7A22FCC246600AA4FBA /* Frameworks */,
				428C90590A8B2419274FDF24 /* Products */,
				8805BB8F2FCC3A3200AA4FBA /* Recovered References */,
			);
			sourceTree = "<group>";
		};
/* End PBXGroup section */

/* Begin PBXNativeTarget section */
		34AB00A397D4C574D27D4777 /* NickHelper */ = {
			isa = PBXNativeTarget;
			buildConfigurationList = 4E804938D5C2E26AFAC5A7E5 /* Build configuration list for PBXNativeTarget "NickHelper" */;
			buildPhases = (
				5166D55BB7ED7C0C74139506 /* Sources */,
			);
			buildRules = (
			);
			dependencies = (
			);
			fileSystemSynchronizedGroups = (
				885ADC752FBFAFA200664E7B /* NickHelper */,
			);
			name = NickHelper;
			packageProductDependencies = (
			);
			productName = NickHelper;
			productReference = 5CA9A7DC5A8387423EC9412E /* NickHelper */;
			productType = "com.apple.product-type.tool";
		};
		8805B7A02FCC246600AA4FBA /* NickExtension */ = {
			isa = PBXNativeTarget;
			buildConfigurationList = 8805B7AD2FCC246600AA4FBA /* Build configuration list for PBXNativeTarget "NickExtension" */;
			buildPhases = (
				8805B79D2FCC246600AA4FBA /* Sources */,
				8805B79E2FCC246600AA4FBA /* Frameworks */,
				8805B79F2FCC246600AA4FBA /* Resources */,
				CC1AABB4D5E6F78900002301 /* Copy YARA Rules Into Extension */,
				AA9900BB11CC2233DDEE0001 /* Strip XAttrs */,
			);
			buildRules = (
			);
			dependencies = (
			);
			fileSystemSynchronizedGroups = (
				8805B7A52FCC246600AA4FBA /* NickExtension */,
			);
			name = NickExtension;
			packageProductDependencies = (
			);
			productName = NickExtension;
			productReference = 8805B7A12FCC246600AA4FBA /* com.ehsanazish.nick.NickExtension.systemextension */;
			productType = "com.apple.product-type.system-extension";
		};
		A7068781809A7A01D520A3F7 /* Nick */ = {
			isa = PBXNativeTarget;
			buildConfigurationList = 0FAF328DF60C4A225367D977 /* Build configuration list for PBXNativeTarget "Nick" */;
			buildPhases = (
				CC7788AA11223344BBEE0002 /* Frameworks */,
				FD3030CD51A6F9759B07888B /* Sources */,
				1E5C0074F6A2B9D1CE8EFCDE /* Resources */,
				CC1AABB4D5E6F78900002300 /* Copy YARA Rules */,
				8805B7B12FCC246600AA4FBA /* Embed System Extensions */,
				D10000000000000000000004 /* Embed Uninstaller */,
			);
			buildRules = (
			);
			dependencies = (
				535A0CC3BF4FE0A60C515DAF /* PBXTargetDependency */,
				8805B7AB2FCC246600AA4FBA /* PBXTargetDependency */,
				BB55CC11DDEEFF00AA220031 /* PBXTargetDependency */,
				D10000000000000000000011 /* PBXTargetDependency */,
			);
			fileSystemSynchronizedGroups = (
				885ADC512FBFAF9E00664E7B /* Nick */,
			);
			name = Nick;
			packageProductDependencies = (
				88C895112FCC7FC100617073 /* Sparkle */,
			);
			productName = Nick;
			productReference = 8B8901B2276260484B8A6A0C /* Nick.app */;
			productType = "com.apple.product-type.application";
		};
		BB55CC11DDEEFF00AA220020 /* NickNetFilter */ = {
			isa = PBXNativeTarget;
			buildConfigurationList = BB55CC11DDEEFF00AA220040 /* Build configuration list for PBXNativeTarget "NickNetFilter" */;
			buildPhases = (
				BB55CC11DDEEFF00AA220010 /* Sources */,
				BB55CC11DDEEFF00AA220011 /* Frameworks */,
				BB55CC11DDEEFF00AA220012 /* Resources */,
				AA9900BB11CC2233DDEE0002 /* Strip XAttrs */,
			);
			buildRules = (
			);
			dependencies = (
			);
			fileSystemSynchronizedGroups = (
				BB55CC11DDEEFF00AA220002 /* NickNetFilter */,
			);
			name = NickNetFilter;
			packageProductDependencies = (
			);
			productName = NickNetFilter;
			productReference = BB55CC11DDEEFF00AA220001 /* com.ehsanazish.nick.NickNetFilter.systemextension */;
			productType = "com.apple.product-type.system-extension";
		};
		D10000000000000000000010 /* NickUninstaller */ = {
			isa = PBXNativeTarget;
			buildConfigurationList = D10000000000000000000015 /* Build configuration list for PBXNativeTarget "NickUninstaller" */;
			buildPhases = (
				D10000000000000000000012 /* Sources */,
				D10000000000000000000007 /* Frameworks */,
				D10000000000000000000013 /* Resources */,
			);
			buildRules = (
			);
			dependencies = (
			);
			fileSystemSynchronizedGroups = (
				D10000000000000000000006 /* NickUninstaller */,
			);
			name = NickUninstaller;
			packageProductDependencies = (
			);
			productName = "Nick Uninstaller";
			productReference = D10000000000000000000002 /* Nick Uninstaller.app */;
			productType = "com.apple.product-type.application";
		};
		EFAE930A65D7BB016CE44088 /* NickIntegrationTests */ = {
			isa = PBXNativeTarget;
			buildConfigurationList = 7ED007252911F604A4D99D49 /* Build configuration list for PBXNativeTarget "NickIntegrationTests" */;
			buildPhases = (
				1B558429B1846E674F0E28CA /* Sources */,
			);
			buildRules = (
			);
			dependencies = (
				B3CC946096B63B8E77454012 /* PBXTargetDependency */,
			);
			fileSystemSynchronizedGroups = (
				885ADC792FBFAFA600664E7B /* NickIntegrationTests */,
			);
			name = NickIntegrationTests;
			packageProductDependencies = (
			);
			productName = NickIntegrationTests;
			productReference = 38DFE5592D83150BDECCFBB9 /* NickIntegrationTests.xctest */;
			productType = "com.apple.product-type.bundle.unit-test";
		};
		F41503E0B5121344E9E560D5 /* NickTests */ = {
			isa = PBXNativeTarget;
			buildConfigurationList = DE67B373B019832FAC9F285C /* Build configuration list for PBXNativeTarget "NickTests" */;
			buildPhases = (
				E318E54F97094451CD5E4844 /* Sources */,
			);
			buildRules = (
			);
			dependencies = (
				A058580EB3C27AE81DAEAE0A /* PBXTargetDependency */,
			);
			fileSystemSynchronizedGroups = (
				885ADC842FBFAFA900664E7B /* NickTests */,
			);
			name = NickTests;
			packageProductDependencies = (
			);
			productName = NickTests;
			productReference = 1E8F435E967C1E411C4372EE /* NickTests.xctest */;
			productType = "com.apple.product-type.bundle.unit-test";
		};
/* End PBXNativeTarget section */

/* Begin PBXProject section */
		A7B63905B7F834888F9EACCE /* Project object */ = {
			isa = PBXProject;
			attributes = {
				BuildIndependentTargetsInParallel = YES;
				LastSwiftUpdateCheck = 2650;
				LastUpgradeCheck = 1600;
				TargetAttributes = {
					8805B7A02FCC246600AA4FBA = {
						CreatedOnToolsVersion = 26.5;
					};
				};
			};
			buildConfigurationList = 419DD7835B41EF667DA1A60C /* Build configuration list for PBXProject "Nick" */;
			developmentRegion = en;
			hasScannedForEncodings = 0;
			knownRegions = (
				Base,
				en,
			);
			mainGroup = BCABA6CBA60235CC5F3E0F78;
			minimizedProjectReferenceProxies = 1;
			packageReferences = (
				88C895102FCC7FC100617073 /* XCRemoteSwiftPackageReference "Sparkle" */,
			);
			preferredProjectObjectVersion = 77;
			productRefGroup = 428C90590A8B2419274FDF24 /* Products */;
			projectDirPath = "";
			projectRoot = "";
			targets = (
				A7068781809A7A01D520A3F7 /* Nick */,
				34AB00A397D4C574D27D4777 /* NickHelper */,
				EFAE930A65D7BB016CE44088 /* NickIntegrationTests */,
				F41503E0B5121344E9E560D5 /* NickTests */,
				8805B7A02FCC246600AA4FBA /* NickExtension */,
				BB55CC11DDEEFF00AA220020 /* NickNetFilter */,
				D10000000000000000000010 /* NickUninstaller */,
			);
		};
/* End PBXProject section */

/* Begin PBXResourcesBuildPhase section */
		1E5C0074F6A2B9D1CE8EFCDE /* Resources */ = {
			isa = PBXResourcesBuildPhase;
			buildActionMask = 2147483647;
			files = (
			);
			runOnlyForDeploymentPostprocessing = 0;
		};
		8805B79F2FCC246600AA4FBA /* Resources */ = {
			isa = PBXResourcesBuildPhase;
			buildActionMask = 2147483647;
			files = (
			);
			runOnlyForDeploymentPostprocessing = 0;
		};
		BB55CC11DDEEFF00AA220012 /* Resources */ = {
			isa = PBXResourcesBuildPhase;
			buildActionMask = 2147483647;
			files = (
			);
			runOnlyForDeploymentPostprocessing = 0;
		};
		D10000000000000000000013 /* Resources */ = {
			isa = PBXResourcesBuildPhase;
			buildActionMask = 2147483647;
			files = (
			);
			runOnlyForDeploymentPostprocessing = 0;
		};
/* End PBXResourcesBuildPhase section */

/* Begin PBXShellScriptBuildPhase section */
		AA9900BB11CC2233DDEE0001 /* Strip XAttrs */ = {
			isa = PBXShellScriptBuildPhase;
			alwaysOutOfDate = 1;
			buildActionMask = 2147483647;
			files = (
			);
			inputFileListPaths = (
			);
			inputPaths = (
			);
			name = "Strip XAttrs";
			outputFileListPaths = (
			);
			outputPaths = (
			);
			runOnlyForDeploymentPostprocessing = 0;
			shellPath = /bin/sh;
			shellScript = "xattr -cr \"${CODESIGNING_FOLDER_PATH}\" 2>/dev/null || true\n";
		};
		AA9900BB11CC2233DDEE0002 /* Strip XAttrs */ = {
			isa = PBXShellScriptBuildPhase;
			alwaysOutOfDate = 1;
			buildActionMask = 2147483647;
			files = (
			);
			inputFileListPaths = (
			);
			inputPaths = (
			);
			name = "Strip XAttrs";
			outputFileListPaths = (
			);
			outputPaths = (
			);
			runOnlyForDeploymentPostprocessing = 0;
			shellPath = /bin/sh;
			shellScript = "xattr -cr \"${CODESIGNING_FOLDER_PATH}\" 2>/dev/null || true\n";
		};
		CC1AABB4D5E6F78900002300 /* Copy YARA Rules */ = {
			isa = PBXShellScriptBuildPhase;
			buildActionMask = 2147483647;
			files = (
			);
			inputFileListPaths = (
			);
			inputPaths = (
				"$(SRCROOT)/Rules",
			);
			name = "Copy YARA Rules";
			outputFileListPaths = (
			);
			outputPaths = (
				"$(TARGET_BUILD_DIR)/$(UNLOCALIZED_RESOURCES_FOLDER_PATH)/Rules",
			);
			runOnlyForDeploymentPostprocessing = 0;
			shellPath = /bin/sh;
			shellScript = "set -e\nRULES_SRC=\"${SRCROOT}/Rules\"\nRULES_DST=\"${TARGET_BUILD_DIR}/${UNLOCALIZED_RESOURCES_FOLDER_PATH}/Rules\"\nrm -rf \"${RULES_DST}\"\ncp -R \"${RULES_SRC}\" \"${RULES_DST}\"\necho \"note: Copied YARA rules to ${RULES_DST}\"\n";
		};
		CC1AABB4D5E6F78900002301 /* Copy YARA Rules Into Extension */ = {
			isa = PBXShellScriptBuildPhase;
			buildActionMask = 2147483647;
			files = (
			);
			inputFileListPaths = (
			);
			inputPaths = (
				"$(SRCROOT)/Rules/community/macos_stealers.yar",
				"$(SRCROOT)/Rules/community/macos_ransomware.yar",
				"$(SRCROOT)/Rules/community/macos_adware.yar",
				"$(SRCROOT)/Rules/community/macos_backdoors.yar",
				"$(SRCROOT)/Rules/community/email_guard_day_one.yar",
			);
			name = "Copy YARA Rules Into Extension";
			outputFileListPaths = (
			);
			outputPaths = (
				"$(TARGET_BUILD_DIR)/$(UNLOCALIZED_RESOURCES_FOLDER_PATH)/Rules/community/macos_stealers.yar",
				"$(TARGET_BUILD_DIR)/$(UNLOCALIZED_RESOURCES_FOLDER_PATH)/Rules/community/macos_ransomware.yar",
				"$(TARGET_BUILD_DIR)/$(UNLOCALIZED_RESOURCES_FOLDER_PATH)/Rules/community/macos_adware.yar",
				"$(TARGET_BUILD_DIR)/$(UNLOCALIZED_RESOURCES_FOLDER_PATH)/Rules/community/macos_backdoors.yar",
				"$(TARGET_BUILD_DIR)/$(UNLOCALIZED_RESOURCES_FOLDER_PATH)/Rules/community/email_guard_day_one.yar",
			);
			runOnlyForDeploymentPostprocessing = 0;
			shellPath = /bin/sh;
			shellScript = "set -e\nRULES_SRC=\"${SRCROOT}/Rules/community\"\nRULES_DST=\"${TARGET_BUILD_DIR}/${UNLOCALIZED_RESOURCES_FOLDER_PATH}/Rules/community\"\nmkdir -p \"${RULES_DST}\"\ncp -f \"${RULES_SRC}/macos_stealers.yar\" \"${RULES_DST}/macos_stealers.yar\"\ncp -f \"${RULES_SRC}/macos_ransomware.yar\" \"${RULES_DST}/macos_ransomware.yar\"\ncp -f \"${RULES_SRC}/macos_adware.yar\" \"${RULES_DST}/macos_adware.yar\"\ncp -f \"${RULES_SRC}/macos_backdoors.yar\" \"${RULES_DST}/macos_backdoors.yar\"\ncp -f \"${RULES_SRC}/email_guard_day_one.yar\" \"${RULES_DST}/email_guard_day_one.yar\"\necho \"note: Copied YARA rules into extension at ${RULES_DST}\"\n";
		};
/* End PBXShellScriptBuildPhase section */

/* Begin PBXSourcesBuildPhase section */
		1B558429B1846E674F0E28CA /* Sources */ = {
			isa = PBXSourcesBuildPhase;
			buildActionMask = 2147483647;
			files = (
			);
			runOnlyForDeploymentPostprocessing = 0;
		};
		5166D55BB7ED7C0C74139506 /* Sources */ = {
			isa = PBXSourcesBuildPhase;
			buildActionMask = 2147483647;
			files = (
			);
			runOnlyForDeploymentPostprocessing = 0;
		};
		8805B79D2FCC246600AA4FBA /* Sources */ = {
			isa = PBXSourcesBuildPhase;
			buildActionMask = 2147483647;
			files = (
				E40000000000000000000007 /* RansomwareNotePolicy.swift in Sources */,
				AA11223344556677AABB0015 /* YARAEngine.swift in Sources */,
				AA11223344556677AABB0016 /* YARAMatch.swift in Sources */,
			);
			runOnlyForDeploymentPostprocessing = 0;
		};
		BB55CC11DDEEFF00AA220010 /* Sources */ = {
			isa = PBXSourcesBuildPhase;
			buildActionMask = 2147483647;
			files = (
				E40000000000000000000002 /* NetworkProtectionPolicy.swift in Sources */,
			);
			runOnlyForDeploymentPostprocessing = 0;
		};
		D10000000000000000000012 /* Sources */ = {
			isa = PBXSourcesBuildPhase;
			buildActionMask = 2147483647;
			files = (
			);
			runOnlyForDeploymentPostprocessing = 0;
		};
		E318E54F97094451CD5E4844 /* Sources */ = {
			isa = PBXSourcesBuildPhase;
			buildActionMask = 2147483647;
			files = (
			);
			runOnlyForDeploymentPostprocessing = 0;
		};
		FD3030CD51A6F9759B07888B /* Sources */ = {
			isa = PBXSourcesBuildPhase;
			buildActionMask = 2147483647;
			files = (
				E40000000000000000000001 /* NetworkProtectionPolicy.swift in Sources */,
				E40000000000000000000006 /* RansomwareNotePolicy.swift in Sources */,
				E40000000000000000000004 /* ScamGuardian.swift in Sources */,
				AA11223344556677AABB0011 /* ESEvent.swift in Sources */,
				AA11223344556677AABB0012 /* NickExtensionXPCProtocol.swift in Sources */,
				AA11223344556677AABB0013 /* NickExtensionConstants.swift in Sources */,
				AA11223344556677AABB0014 /* QuarantineTypes.swift in Sources */,
			);
			runOnlyForDeploymentPostprocessing = 0;
		};
/* End PBXSourcesBuildPhase section */

/* Begin PBXTargetDependency section */
		535A0CC3BF4FE0A60C515DAF /* PBXTargetDependency */ = {
			isa = PBXTargetDependency;
			target = 34AB00A397D4C574D27D4777 /* NickHelper */;
			targetProxy = 04088AF375E1364BBB22476F /* PBXContainerItemProxy */;
		};
		8805B7AB2FCC246600AA4FBA /* PBXTargetDependency */ = {
			isa = PBXTargetDependency;
			target = 8805B7A02FCC246600AA4FBA /* NickExtension */;
			targetProxy = 8805B7AA2FCC246600AA4FBA /* PBXContainerItemProxy */;
		};
		A058580EB3C27AE81DAEAE0A /* PBXTargetDependency */ = {
			isa = PBXTargetDependency;
			target = A7068781809A7A01D520A3F7 /* Nick */;
			targetProxy = 6A2325E00566DFE3F04D7C56 /* PBXContainerItemProxy */;
		};
		B3CC946096B63B8E77454012 /* PBXTargetDependency */ = {
			isa = PBXTargetDependency;
			target = A7068781809A7A01D520A3F7 /* Nick */;
			targetProxy = 48A832D3FA3AB4C7031A0EE0 /* PBXContainerItemProxy */;
		};
		BB55CC11DDEEFF00AA220031 /* PBXTargetDependency */ = {
			isa = PBXTargetDependency;
			target = BB55CC11DDEEFF00AA220020 /* NickNetFilter */;
			targetProxy = BB55CC11DDEEFF00AA220030 /* PBXContainerItemProxy */;
		};
		D10000000000000000000011 /* PBXTargetDependency */ = {
			isa = PBXTargetDependency;
			target = D10000000000000000000010 /* NickUninstaller */;
			targetProxy = D10000000000000000000003 /* PBXContainerItemProxy */;
		};
/* End PBXTargetDependency section */

/* Begin XCBuildConfiguration section */
		0096B53A95CBCF39D2CC1D2C /* Debug */ = {
			isa = XCBuildConfiguration;
			buildSettings = {
				ALWAYS_SEARCH_USER_PATHS = NO;
				CLANG_ANALYZER_NONNULL = YES;
				CLANG_ANALYZER_NUMBER_OBJECT_CONVERSION = YES_AGGRESSIVE;
				CLANG_CXX_LANGUAGE_STANDARD = "gnu++14";
				CLANG_CXX_LIBRARY = "libc++";
				CLANG_ENABLE_MODULES = YES;
				CLANG_ENABLE_OBJC_ARC = YES;
				CLANG_ENABLE_OBJC_WEAK = YES;
				CLANG_WARN_BLOCK_CAPTURE_AUTORELEASING = YES;
				CLANG_WARN_BOOL_CONVERSION = YES;
				CLANG_WARN_COMMA = YES;
				CLANG_WARN_CONSTANT_CONVERSION = YES;
				CLANG_WARN_DEPRECATED_OBJC_IMPLEMENTATIONS = YES;
				CLANG_WARN_DIRECT_OBJC_ISA_USAGE = YES_ERROR;
				CLANG_WARN_DOCUMENTATION_COMMENTS = YES;
				CLANG_WARN_EMPTY_BODY = YES;
				CLANG_WARN_ENUM_CONVERSION = YES;
				CLANG_WARN_INFINITE_RECURSION = YES;
				CLANG_WARN_INT_CONVERSION = YES;
				CLANG_WARN_NON_LITERAL_NULL_CONVERSION = YES;
				CLANG_WARN_OBJC_IMPLICIT_RETAIN_SELF = YES;
				CLANG_WARN_OBJC_LITERAL_CONVERSION = YES;
				CLANG_WARN_OBJC_ROOT_CLASS = YES_ERROR;
				CLANG_WARN_QUOTED_INCLUDE_IN_FRAMEWORK_HEADER = YES;
				CLANG_WARN_RANGE_LOOP_ANALYSIS = YES;
				CLANG_WARN_STRICT_PROTOTYPES = YES;
				CLANG_WARN_SUSPICIOUS_MOVE = YES;
				CLANG_WARN_UNGUARDED_AVAILABILITY = YES_AGGRESSIVE;
				CLANG_WARN_UNREACHABLE_CODE = YES;
				CLANG_WARN__DUPLICATE_METHOD_MATCH = YES;
				COPY_PHASE_STRIP = NO;
				CURRENT_PROJECT_VERSION = 408;
				DEBUG_INFORMATION_FORMAT = dwarf;
				ENABLE_STRICT_OBJC_MSGSEND = YES;
				ENABLE_TESTABILITY = YES;
				GCC_C_LANGUAGE_STANDARD = gnu11;
				GCC_DYNAMIC_NO_PIC = NO;
				GCC_NO_COMMON_BLOCKS = YES;
				GCC_OPTIMIZATION_LEVEL = 0;
				GCC_PREPROCESSOR_DEFINITIONS = (
					"$(inherited)",
					"DEBUG=1",
				);
				GCC_WARN_64_TO_32_BIT_CONVERSION = YES;
				GCC_WARN_ABOUT_RETURN_TYPE = YES_ERROR;
				GCC_WARN_UNDECLARED_SELECTOR = YES;
				GCC_WARN_UNINITIALIZED_AUTOS = YES_AGGRESSIVE;
				GCC_WARN_UNUSED_FUNCTION = YES;
				GCC_WARN_UNUSED_VARIABLE = YES;
				MACOSX_DEPLOYMENT_TARGET = 26.0;
				MARKETING_VERSION = 4.0.1;
				MTL_ENABLE_DEBUG_INFO = INCLUDE_SOURCE;
				MTL_FAST_MATH = YES;
				ONLY_ACTIVE_ARCH = YES;
				PRODUCT_NAME = "$(TARGET_NAME)";
				SDKROOT = macosx;
				SWIFT_ACTIVE_COMPILATION_CONDITIONS = DEBUG;
				SWIFT_OPTIMIZATION_LEVEL = "-Onone";
				SWIFT_VERSION = 6.0;
			};
			name = Debug;
		};
		02043DECA96EDD1EC8B9B765 /* Debug */ = {
			isa = XCBuildConfiguration;
			buildSettings = {
				CODE_SIGN_ENTITLEMENTS = NickHelper/NickHelper.entitlements;
				CODE_SIGN_STYLE = Automatic;
				COMBINE_HIDPI_IMAGES = YES;
				DEVELOPMENT_TEAM = UXGW5V3BY6;
				ENABLE_HARDENED_RUNTIME = YES;
				INFOPLIST_FILE = NickHelper/Info.plist;
				LD_RUNPATH_SEARCH_PATHS = (
					"$(inherited)",
					"@executable_path/../Frameworks",
				);
				MACOSX_DEPLOYMENT_TARGET = 26.0;
				PRODUCT_BUNDLE_IDENTIFIER = com.ehsanazish.nick.helper;
				PROVISIONING_PROFILE_SPECIFIER = "";
				SDKROOT = macosx;
				SKIP_INSTALL = YES;
			};
			name = Debug;
		};
		0BA1F1D116F6A7CDFD9E07B2 /* Debug */ = {
			isa = XCBuildConfiguration;
			buildSettings = {
				ASSETCATALOG_COMPILER_APPICON_NAME = NickIcon;
				CODE_SIGN_ENTITLEMENTS = Nick/Nick.entitlements;
				CODE_SIGN_IDENTITY = "Apple Development";
				CODE_SIGN_STYLE = Automatic;
				COMBINE_HIDPI_IMAGES = YES;
				DEVELOPMENT_TEAM = UXGW5V3BY6;
				ENABLE_APP_SANDBOX = NO;
				ENABLE_HARDENED_RUNTIME = YES;
				HEADER_SEARCH_PATHS = (
					"$(inherited)",
					"$(SRCROOT)/Nick/Core/YARAEngine/Vendor/include",
				);
				INFOPLIST_FILE = Nick/Info.plist;
				INFOPLIST_KEY_CFBundleDisplayName = Nick;
				INFOPLIST_KEY_LSApplicationCategoryType = "public.app-category.utilities";
				LD_RUNPATH_SEARCH_PATHS = (
					"$(inherited)",
					"@executable_path/../Frameworks",
				);
				LIBRARY_SEARCH_PATHS = (
					"$(inherited)",
					"$(PROJECT_DIR)/Nick/Core/YARAEngine/Vendor",
				);
				MACOSX_DEPLOYMENT_TARGET = 26.0;
				MARKETING_VERSION = 4.0.1;
				OTHER_LDFLAGS = (
					"$(inherited)",
					"$(SRCROOT)/Nick/Core/YARAEngine/Vendor/libyara-universal.a",
				);
				PRODUCT_BUNDLE_IDENTIFIER = com.ehsanazish.nick;
				PROVISIONING_PROFILE_SPECIFIER = "";
				SDKROOT = macosx;
				SWIFT_OBJC_BRIDGING_HEADER = Nick/Core/YARAEngine/YARABridge.h;
			};
			name = Debug;
		};
		2E7598FF979E8502DFF88B67 /* Release */ = {
			isa = XCBuildConfiguration;
			buildSettings = {
				ALWAYS_SEARCH_USER_PATHS = NO;
				CLANG_ANALYZER_NONNULL = YES;
				CLANG_ANALYZER_NUMBER_OBJECT_CONVERSION = YES_AGGRESSIVE;
				CLANG_CXX_LANGUAGE_STANDARD = "gnu++14";
				CLANG_CXX_LIBRARY = "libc++";
				CLANG_ENABLE_MODULES = YES;
				CLANG_ENABLE_OBJC_ARC = YES;
				CLANG_ENABLE_OBJC_WEAK = YES;
				CLANG_WARN_BLOCK_CAPTURE_AUTORELEASING = YES;
				CLANG_WARN_BOOL_CONVERSION = YES;
				CLANG_WARN_COMMA = YES;
				CLANG_WARN_CONSTANT_CONVERSION = YES;
				CLANG_WARN_DEPRECATED_OBJC_IMPLEMENTATIONS = YES;
				CLANG_WARN_DIRECT_OBJC_ISA_USAGE = YES_ERROR;
				CLANG_WARN_DOCUMENTATION_COMMENTS = YES;
				CLANG_WARN_EMPTY_BODY = YES;
				CLANG_WARN_ENUM_CONVERSION = YES;
				CLANG_WARN_INFINITE_RECURSION = YES;
				CLANG_WARN_INT_CONVERSION = YES;
				CLANG_WARN_NON_LITERAL_NULL_CONVERSION = YES;
				CLANG_WARN_OBJC_IMPLICIT_RETAIN_SELF = YES;
				CLANG_WARN_OBJC_LITERAL_CONVERSION = YES;
				CLANG_WARN_OBJC_ROOT_CLASS = YES_ERROR;
				CLANG_WARN_QUOTED_INCLUDE_IN_FRAMEWORK_HEADER = YES;
				CLANG_WARN_RANGE_LOOP_ANALYSIS = YES;
				CLANG_WARN_STRICT_PROTOTYPES = YES;
				CLANG_WARN_SUSPICIOUS_MOVE = YES;
				CLANG_WARN_UNGUARDED_AVAILABILITY = YES_AGGRESSIVE;
				CLANG_WARN_UNREACHABLE_CODE = YES;
				CLANG_WARN__DUPLICATE_METHOD_MATCH = YES;
				COPY_PHASE_STRIP = NO;
				CURRENT_PROJECT_VERSION = 408;
				DEBUG_INFORMATION_FORMAT = "dwarf-with-dsym";
				ENABLE_NS_ASSERTIONS = NO;
				ENABLE_STRICT_OBJC_MSGSEND = YES;
				GCC_C_LANGUAGE_STANDARD = gnu11;
				GCC_NO_COMMON_BLOCKS = YES;
				GCC_WARN_64_TO_32_BIT_CONVERSION = YES;
				GCC_WARN_ABOUT_RETURN_TYPE = YES_ERROR;
				GCC_WARN_UNDECLARED_SELECTOR = YES;
				GCC_WARN_UNINITIALIZED_AUTOS = YES_AGGRESSIVE;
				GCC_WARN_UNUSED_FUNCTION = YES;
				GCC_WARN_UNUSED_VARIABLE = YES;
				HEADER_SEARCH_PATHS = (
					"$(inherited)",
					"$(SRCROOT)/Nick/Core/YARAEngine/Vendor/include",
				);
				MACOSX_DEPLOYMENT_TARGET = 26.0;
				MARKETING_VERSION = 4.0.1;
				MTL_ENABLE_DEBUG_INFO = NO;
				MTL_FAST_MATH = YES;
				PRODUCT_NAME = "$(TARGET_NAME)";
				SDKROOT = macosx;
				SWIFT_COMPILATION_MODE = wholemodule;
				SWIFT_OPTIMIZATION_LEVEL = "-O";
				SWIFT_VERSION = 6.0;
			};
			name = Release;
		};
		756C197151931D0869C6F134 /* Release */ = {
			isa = XCBuildConfiguration;
			buildSettings = {
				BUNDLE_LOADER = "$(TEST_HOST)";
				CODE_SIGN_IDENTITY = "Apple Development";
				CODE_SIGN_STYLE = Manual;
				COMBINE_HIDPI_IMAGES = YES;
				DEVELOPMENT_TEAM = UXGW5V3BY6;
				"DEVELOPMENT_TEAM[sdk=macosx*]" = UXGW5V3BY6;
				GENERATE_INFOPLIST_FILE = YES;
				HEADER_SEARCH_PATHS = (
					"$(inherited)",
					"$(SRCROOT)/Nick/Core/YARAEngine/Vendor/include",
				);
				LD_RUNPATH_SEARCH_PATHS = (
					"$(inherited)",
					"@executable_path/../Frameworks",
					"@loader_path/../Frameworks",
				);
				MACOSX_DEPLOYMENT_TARGET = 26.0;
				PRODUCT_BUNDLE_IDENTIFIER = "com.ehsanazish.nick.integration-tests";
				PROVISIONING_PROFILE_SPECIFIER = "";
				SDKROOT = macosx;
				SKIP_INSTALL = YES;
				TEST_HOST = "$(BUILT_PRODUCTS_DIR)/Nick.app/Contents/MacOS/Nick";
			};
			name = Release;
		};
		79D2777381DAA50E7EB77F21 /* Debug */ = {
			isa = XCBuildConfiguration;
			buildSettings = {
				BUNDLE_LOADER = "$(TEST_HOST)";
				CODE_SIGN_IDENTITY = "Apple Development";
				CODE_SIGN_STYLE = Manual;
				COMBINE_HIDPI_IMAGES = YES;
				DEVELOPMENT_TEAM = UXGW5V3BY6;
				"DEVELOPMENT_TEAM[sdk=macosx*]" = UXGW5V3BY6;
				GENERATE_INFOPLIST_FILE = YES;
				HEADER_SEARCH_PATHS = (
					"$(inherited)",
					"$(SRCROOT)/Nick/Core/YARAEngine/Vendor/include",
				);
				LD_RUNPATH_SEARCH_PATHS = (
					"$(inherited)",
					"@executable_path/../Frameworks",
					"@loader_path/../Frameworks",
				);
				MACOSX_DEPLOYMENT_TARGET = 26.0;
				PRODUCT_BUNDLE_IDENTIFIER = "com.ehsanazish.nick.integration-tests";
				PROVISIONING_PROFILE_SPECIFIER = "";
				SDKROOT = macosx;
				SKIP_INSTALL = YES;
				TEST_HOST = "$(BUILT_PRODUCTS_DIR)/Nick.app/Contents/MacOS/Nick";
			};
			name = Debug;
		};
		7B9E75AA33A8D092400ACD23 /* Release */ = {
			isa = XCBuildConfiguration;
			buildSettings = {
				ASSETCATALOG_COMPILER_APPICON_NAME = NickIcon;
				CODE_SIGN_ENTITLEMENTS = Nick/Nick.Release.entitlements;
				CODE_SIGN_IDENTITY = "Developer ID Application";
				CODE_SIGN_STYLE = Manual;
				COMBINE_HIDPI_IMAGES = YES;
				DEVELOPMENT_TEAM = UXGW5V3BY6;
				ENABLE_APP_SANDBOX = NO;
				ENABLE_HARDENED_RUNTIME = YES;
				HEADER_SEARCH_PATHS = (
					"$(inherited)",
					"$(SRCROOT)/Nick/Core/YARAEngine/Vendor/include",
				);
				INFOPLIST_FILE = Nick/Info.plist;
				INFOPLIST_KEY_CFBundleDisplayName = Nick;
				INFOPLIST_KEY_LSApplicationCategoryType = "public.app-category.utilities";
				LD_RUNPATH_SEARCH_PATHS = (
					"$(inherited)",
					"@executable_path/../Frameworks",
				);
				LIBRARY_SEARCH_PATHS = (
					"$(inherited)",
					"$(PROJECT_DIR)/Nick/Core/YARAEngine/Vendor",
				);
				MACOSX_DEPLOYMENT_TARGET = 26.0;
				MARKETING_VERSION = 4.0.1;
				OTHER_LDFLAGS = (
					"$(inherited)",
					"$(SRCROOT)/Nick/Core/YARAEngine/Vendor/libyara-universal.a",
				);
				PRODUCT_BUNDLE_IDENTIFIER = com.ehsanazish.nick;
				PROVISIONING_PROFILE_SPECIFIER = "df99a166-d93e-4068-8edf-ec3668b0c4ed";
				SDKROOT = macosx;
				SWIFT_OBJC_BRIDGING_HEADER = Nick/Core/YARAEngine/YARABridge.h;
			};
			name = Release;
		};
		8805B7AE2FCC246600AA4FBA /* Debug */ = {
			isa = XCBuildConfiguration;
			buildSettings = {
				ASSETCATALOG_COMPILER_GENERATE_SWIFT_ASSET_SYMBOL_EXTENSIONS = YES;
				CLANG_CXX_LANGUAGE_STANDARD = "gnu++20";
				CODE_SIGN_ENTITLEMENTS = NickExtension/NickExtension.entitlements;
				CODE_SIGN_STYLE = Automatic;
				CURRENT_PROJECT_VERSION = 408;
				DEVELOPMENT_TEAM = UXGW5V3BY6;
				ENABLE_HARDENED_RUNTIME = YES;
				ENABLE_USER_SCRIPT_SANDBOXING = YES;
				GCC_C_LANGUAGE_STANDARD = gnu17;
				GCC_PREPROCESSOR_DEFINITIONS = (
					"DEBUG=1",
					"$(inherited)",
				);
				GENERATE_INFOPLIST_FILE = YES;
				HEADER_SEARCH_PATHS = (
					"$(inherited)",
					"$(SRCROOT)/Nick/Core/YARAEngine/Vendor/include",
				);
				INFOPLIST_FILE = NickExtension/Info.plist;
				INFOPLIST_KEY_CFBundleDisplayName = NickExtension;
				INFOPLIST_KEY_NSHumanReadableCopyright = "";
				LD_RUNPATH_SEARCH_PATHS = (
					"$(inherited)",
					"@executable_path/../Frameworks",
					"@executable_path/../../../../Frameworks",
				);
				LIBRARY_SEARCH_PATHS = (
					"$(inherited)",
					"$(PROJECT_DIR)/Nick/Core/YARAEngine/Vendor",
				);
				LOCALIZATION_PREFERS_STRING_CATALOGS = YES;
				MACOSX_DEPLOYMENT_TARGET = 26.5;
				MARKETING_VERSION = 4.0.1;
				OTHER_LDFLAGS = (
					"-lbsm",
					"$(SRCROOT)/Nick/Core/YARAEngine/Vendor/libyara-universal.a",
				);
				PRODUCT_BUNDLE_IDENTIFIER = com.ehsanazish.nick.NickExtension;
				PRODUCT_NAME = com.ehsanazish.nick.NickExtension;
				PROVISIONING_PROFILE_SPECIFIER = "";
				REGISTER_APP_GROUPS = YES;
				SKIP_INSTALL = YES;
				STRING_CATALOG_GENERATE_SYMBOLS = YES;
				SWIFT_ACTIVE_COMPILATION_CONDITIONS = "DEBUG $(inherited)";
				SWIFT_APPROACHABLE_CONCURRENCY = YES;
				SWIFT_EMIT_LOC_STRINGS = YES;
				SWIFT_OBJC_BRIDGING_HEADER = Nick/Core/YARAEngine/YARABridge.h;
				SWIFT_UPCOMING_FEATURE_MEMBER_IMPORT_VISIBILITY = YES;
				SWIFT_VERSION = 5.0;
			};
			name = Debug;
		};
		8805B7AF2FCC246600AA4FBA /* Release */ = {
			isa = XCBuildConfiguration;
			buildSettings = {
				ASSETCATALOG_COMPILER_GENERATE_SWIFT_ASSET_SYMBOL_EXTENSIONS = YES;
				CLANG_CXX_LANGUAGE_STANDARD = "gnu++20";
				CODE_SIGN_ENTITLEMENTS = NickExtension/NickExtension.entitlements;
				CODE_SIGN_IDENTITY = "Apple Development";
				"CODE_SIGN_IDENTITY[sdk=macosx*]" = "Developer ID Application";
				CODE_SIGN_STYLE = Manual;
				CURRENT_PROJECT_VERSION = 408;
				DEVELOPMENT_TEAM = UXGW5V3BY6;
				"DEVELOPMENT_TEAM[sdk=macosx*]" = UXGW5V3BY6;
				ENABLE_HARDENED_RUNTIME = YES;
				ENABLE_USER_SCRIPT_SANDBOXING = YES;
				GCC_C_LANGUAGE_STANDARD = gnu17;
				GENERATE_INFOPLIST_FILE = YES;
				HEADER_SEARCH_PATHS = (
					"$(inherited)",
					"$(SRCROOT)/Nick/Core/YARAEngine/Vendor/include",
				);
				INFOPLIST_FILE = NickExtension/Info.plist;
				INFOPLIST_KEY_CFBundleDisplayName = NickExtension;
				INFOPLIST_KEY_NSHumanReadableCopyright = "";
				LD_RUNPATH_SEARCH_PATHS = (
					"$(inherited)",
					"@executable_path/../Frameworks",
					"@executable_path/../../../../Frameworks",
				);
				LIBRARY_SEARCH_PATHS = (
					"$(inherited)",
					"$(PROJECT_DIR)/Nick/Core/YARAEngine/Vendor",
				);
				LOCALIZATION_PREFERS_STRING_CATALOGS = YES;
				MACOSX_DEPLOYMENT_TARGET = 26.5;
				MARKETING_VERSION = 4.0.1;
				OTHER_LDFLAGS = (
					"-lbsm",
					"$(SRCROOT)/Nick/Core/YARAEngine/Vendor/libyara-universal.a",
				);
				PRODUCT_BUNDLE_IDENTIFIER = com.ehsanazish.nick.NickExtension;
				PRODUCT_NAME = com.ehsanazish.nick.NickExtension;
				PROVISIONING_PROFILE_SPECIFIER = "f10e8306-fb19-405e-86d0-32eb38d61003";
				"PROVISIONING_PROFILE_SPECIFIER[sdk=macosx*]" = "f10e8306-fb19-405e-86d0-32eb38d61003";
				REGISTER_APP_GROUPS = YES;
				SKIP_INSTALL = YES;
				STRING_CATALOG_GENERATE_SYMBOLS = YES;
				SWIFT_APPROACHABLE_CONCURRENCY = YES;
				SWIFT_EMIT_LOC_STRINGS = YES;
				SWIFT_OBJC_BRIDGING_HEADER = Nick/Core/YARAEngine/YARABridge.h;
				SWIFT_UPCOMING_FEATURE_MEMBER_IMPORT_VISIBILITY = YES;
				SWIFT_VERSION = 5.0;
			};
			name = Release;
		};
		B35BDA9A43F083632EF4965E /* Release */ = {
			isa = XCBuildConfiguration;
			buildSettings = {
				CODE_SIGN_ENTITLEMENTS = NickHelper/NickHelper.entitlements;
				"CODE_SIGN_IDENTITY[sdk=macosx*]" = "Developer ID Application";
				CODE_SIGN_STYLE = Manual;
				COMBINE_HIDPI_IMAGES = YES;
				DEVELOPMENT_TEAM = UXGW5V3BY6;
				"DEVELOPMENT_TEAM[sdk=macosx*]" = UXGW5V3BY6;
				ENABLE_HARDENED_RUNTIME = YES;
				INFOPLIST_FILE = NickHelper/Info.plist;
				LD_RUNPATH_SEARCH_PATHS = (
					"$(inherited)",
					"@executable_path/../Frameworks",
				);
				MACOSX_DEPLOYMENT_TARGET = 26.0;
				PRODUCT_BUNDLE_IDENTIFIER = com.ehsanazish.nick.helper;
				PROVISIONING_PROFILE_SPECIFIER = "";
				SDKROOT = macosx;
				SKIP_INSTALL = YES;
			};
			name = Release;
		};
		BB55CC11DDEEFF00AA220041 /* Debug */ = {
			isa = XCBuildConfiguration;
			buildSettings = {
				CODE_SIGN_ENTITLEMENTS = NickNetFilter/NickNetFilter.entitlements;
				CODE_SIGN_IDENTITY = "Apple Development";
				CODE_SIGN_STYLE = Automatic;
				CURRENT_PROJECT_VERSION = 408;
				DEVELOPMENT_TEAM = UXGW5V3BY6;
				ENABLE_APP_SANDBOX = NO;
				ENABLE_HARDENED_RUNTIME = YES;
				INFOPLIST_FILE = NickNetFilter/Info.plist;
				MACOSX_DEPLOYMENT_TARGET = 26.0;
				MARKETING_VERSION = 4.0.1;
				PRODUCT_BUNDLE_IDENTIFIER = com.ehsanazish.nick.NickNetFilter;
				PRODUCT_NAME = com.ehsanazish.nick.NickNetFilter;
				PROVISIONING_PROFILE_SPECIFIER = "";
				SCREEN_EXTENSION_POINT_NAME = "com.apple.networkextension.content-filter";
				SDKROOT = macosx;
				SKIP_INSTALL = YES;
				SWIFT_VERSION = 6.0;
			};
			name = Debug;
		};
		BB55CC11DDEEFF00AA220042 /* Release */ = {
			isa = XCBuildConfiguration;
			buildSettings = {
				CODE_SIGN_ENTITLEMENTS = NickNetFilter/NickNetFilter.Release.entitlements;
				CODE_SIGN_IDENTITY = "Developer ID Application";
				CODE_SIGN_STYLE = Manual;
				CURRENT_PROJECT_VERSION = 408;
				DEVELOPMENT_TEAM = UXGW5V3BY6;
				ENABLE_APP_SANDBOX = NO;
				ENABLE_HARDENED_RUNTIME = YES;
				INFOPLIST_FILE = NickNetFilter/Info.plist;
				MACOSX_DEPLOYMENT_TARGET = 26.0;
				MARKETING_VERSION = 4.0.1;
				PRODUCT_BUNDLE_IDENTIFIER = com.ehsanazish.nick.NickNetFilter;
				PRODUCT_NAME = com.ehsanazish.nick.NickNetFilter;
				PROVISIONING_PROFILE_SPECIFIER = "547cfdac-6a5f-4f1b-91df-87632ac99f54";
				SCREEN_EXTENSION_POINT_NAME = "com.apple.networkextension.content-filter";
				SDKROOT = macosx;
				SKIP_INSTALL = YES;
				SWIFT_VERSION = 6.0;
			};
			name = Release;
		};
		D10000000000000000000016 /* Debug */ = {
			isa = XCBuildConfiguration;
			buildSettings = {
				ASSETCATALOG_COMPILER_APPICON_NAME = NickUninstallIcon;
				CODE_SIGN_IDENTITY = "Apple Development";
				CODE_SIGN_STYLE = Automatic;
				COMBINE_HIDPI_IMAGES = YES;
				CURRENT_PROJECT_VERSION = 408;
				DEVELOPMENT_TEAM = UXGW5V3BY6;
				ENABLE_APP_SANDBOX = NO;
				ENABLE_HARDENED_RUNTIME = YES;
				INFOPLIST_FILE = NickUninstaller/Info.plist;
				INFOPLIST_KEY_CFBundleDisplayName = "Nick Uninstaller";
				INFOPLIST_KEY_LSApplicationCategoryType = "public.app-category.utilities";
				LD_RUNPATH_SEARCH_PATHS = (
					"$(inherited)",
					"@executable_path/../Frameworks",
				);
				MACOSX_DEPLOYMENT_TARGET = 26.0;
				MARKETING_VERSION = 4.0.1;
				PRODUCT_BUNDLE_IDENTIFIER = com.ehsanazish.nick.uninstaller;
				PRODUCT_NAME = "Nick Uninstaller";
				SDKROOT = macosx;
				SKIP_INSTALL = YES;
				SWIFT_VERSION = 6.0;
			};
			name = Debug;
		};
		D10000000000000000000017 /* Release */ = {
			isa = XCBuildConfiguration;
			buildSettings = {
				ASSETCATALOG_COMPILER_APPICON_NAME = NickUninstallIcon;
				CODE_SIGN_IDENTITY = "Developer ID Application";
				CODE_SIGN_STYLE = Manual;
				COMBINE_HIDPI_IMAGES = YES;
				CURRENT_PROJECT_VERSION = 408;
				DEVELOPMENT_TEAM = UXGW5V3BY6;
				ENABLE_APP_SANDBOX = NO;
				ENABLE_HARDENED_RUNTIME = YES;
				INFOPLIST_FILE = NickUninstaller/Info.plist;
				INFOPLIST_KEY_CFBundleDisplayName = "Nick Uninstaller";
				INFOPLIST_KEY_LSApplicationCategoryType = "public.app-category.utilities";
				LD_RUNPATH_SEARCH_PATHS = (
					"$(inherited)",
					"@executable_path/../Frameworks",
				);
				MACOSX_DEPLOYMENT_TARGET = 26.0;
				MARKETING_VERSION = 4.0.1;
				PRODUCT_BUNDLE_IDENTIFIER = com.ehsanazish.nick.uninstaller;
				PRODUCT_NAME = "Nick Uninstaller";
				PROVISIONING_PROFILE_SPECIFIER = "";
				SDKROOT = macosx;
				SKIP_INSTALL = YES;
				SWIFT_VERSION = 6.0;
			};
			name = Release;
		};
		DE616AE26C6DA38F897B9777 /* Release */ = {
			isa = XCBuildConfiguration;
			buildSettings = {
				BUNDLE_LOADER = "$(TEST_HOST)";
				CODE_SIGN_IDENTITY = "Apple Development";
				CODE_SIGN_STYLE = Manual;
				COMBINE_HIDPI_IMAGES = YES;
				DEVELOPMENT_TEAM = UXGW5V3BY6;
				"DEVELOPMENT_TEAM[sdk=macosx*]" = UXGW5V3BY6;
				GENERATE_INFOPLIST_FILE = YES;
				HEADER_SEARCH_PATHS = (
					"$(inherited)",
					"$(SRCROOT)/Nick/Core/YARAEngine/Vendor/include",
				);
				LD_RUNPATH_SEARCH_PATHS = (
					"$(inherited)",
					"@executable_path/../Frameworks",
					"@loader_path/../Frameworks",
				);
				MACOSX_DEPLOYMENT_TARGET = 26.0;
				PRODUCT_BUNDLE_IDENTIFIER = com.ehsanazish.nick.tests;
				PROVISIONING_PROFILE_SPECIFIER = "";
				SDKROOT = macosx;
				SKIP_INSTALL = YES;
				TEST_HOST = "$(BUILT_PRODUCTS_DIR)/Nick.app/Contents/MacOS/Nick";
			};
			name = Release;
		};
		E087517E56371321A5DC4CFD /* Debug */ = {
			isa = XCBuildConfiguration;
			buildSettings = {
				BUNDLE_LOADER = "$(TEST_HOST)";
				CODE_SIGN_IDENTITY = "Apple Development";
				CODE_SIGN_STYLE = Manual;
				COMBINE_HIDPI_IMAGES = YES;
				DEVELOPMENT_TEAM = UXGW5V3BY6;
				"DEVELOPMENT_TEAM[sdk=macosx*]" = UXGW5V3BY6;
				GENERATE_INFOPLIST_FILE = YES;
				HEADER_SEARCH_PATHS = (
					"$(inherited)",
					"$(SRCROOT)/Nick/Core/YARAEngine/Vendor/include",
				);
				LD_RUNPATH_SEARCH_PATHS = (
					"$(inherited)",
					"@executable_path/../Frameworks",
					"@loader_path/../Frameworks",
				);
				MACOSX_DEPLOYMENT_TARGET = 26.0;
				PRODUCT_BUNDLE_IDENTIFIER = com.ehsanazish.nick.tests;
				PROVISIONING_PROFILE_SPECIFIER = "";
				SDKROOT = macosx;
				SKIP_INSTALL = YES;
				TEST_HOST = "$(BUILT_PRODUCTS_DIR)/Nick.app/Contents/MacOS/Nick";
			};
			name = Debug;
		};
/* End XCBuildConfiguration section */

/* Begin XCConfigurationList section */
		0FAF328DF60C4A225367D977 /* Build configuration list for PBXNativeTarget "Nick" */ = {
			isa = XCConfigurationList;
			buildConfigurations = (
				0BA1F1D116F6A7CDFD9E07B2 /* Debug */,
				7B9E75AA33A8D092400ACD23 /* Release */,
			);
			defaultConfigurationIsVisible = 0;
			defaultConfigurationName = Debug;
		};
		419DD7835B41EF667DA1A60C /* Build configuration list for PBXProject "Nick" */ = {
			isa = XCConfigurationList;
			buildConfigurations = (
				0096B53A95CBCF39D2CC1D2C /* Debug */,
				2E7598FF979E8502DFF88B67 /* Release */,
			);
			defaultConfigurationIsVisible = 0;
			defaultConfigurationName = Debug;
		};
		4E804938D5C2E26AFAC5A7E5 /* Build configuration list for PBXNativeTarget "NickHelper" */ = {
			isa = XCConfigurationList;
			buildConfigurations = (
				02043DECA96EDD1EC8B9B765 /* Debug */,
				B35BDA9A43F083632EF4965E /* Release */,
			);
			defaultConfigurationIsVisible = 0;
			defaultConfigurationName = Debug;
		};
		7ED007252911F604A4D99D49 /* Build configuration list for PBXNativeTarget "NickIntegrationTests" */ = {
			isa = XCConfigurationList;
			buildConfigurations = (
				79D2777381DAA50E7EB77F21 /* Debug */,
				756C197151931D0869C6F134 /* Release */,
			);
			defaultConfigurationIsVisible = 0;
			defaultConfigurationName = Debug;
		};
		8805B7AD2FCC246600AA4FBA /* Build configuration list for PBXNativeTarget "NickExtension" */ = {
			isa = XCConfigurationList;
			buildConfigurations = (
				8805B7AE2FCC246600AA4FBA /* Debug */,
				8805B7AF2FCC246600AA4FBA /* Release */,
			);
			defaultConfigurationIsVisible = 0;
			defaultConfigurationName = Debug;
		};
		BB55CC11DDEEFF00AA220040 /* Build configuration list for PBXNativeTarget "NickNetFilter" */ = {
			isa = XCConfigurationList;
			buildConfigurations = (
				BB55CC11DDEEFF00AA220041 /* Debug */,
				BB55CC11DDEEFF00AA220042 /* Release */,
			);
			defaultConfigurationIsVisible = 0;
			defaultConfigurationName = Debug;
		};
		D10000000000000000000015 /* Build configuration list for PBXNativeTarget "NickUninstaller" */ = {
			isa = XCConfigurationList;
			buildConfigurations = (
				D10000000000000000000016 /* Debug */,
				D10000000000000000000017 /* Release */,
			);
			defaultConfigurationIsVisible = 0;
			defaultConfigurationName = Debug;
		};
		DE67B373B019832FAC9F285C /* Build configuration list for PBXNativeTarget "NickTests" */ = {
			isa = XCConfigurationList;
			buildConfigurations = (
				E087517E56371321A5DC4CFD /* Debug */,
				DE616AE26C6DA38F897B9777 /* Release */,
			);
			defaultConfigurationIsVisible = 0;
			defaultConfigurationName = Debug;
		};
/* End XCConfigurationList section */

/* Begin XCRemoteSwiftPackageReference section */
		88C895102FCC7FC100617073 /* XCRemoteSwiftPackageReference "Sparkle" */ = {
			isa = XCRemoteSwiftPackageReference;
			repositoryURL = "https://github.com/sparkle-project/Sparkle";
			requirement = {
				kind = upToNextMajorVersion;
				minimumVersion = 2.9.2;
			};
		};
/* End XCRemoteSwiftPackageReference section */

/* Begin XCSwiftPackageProductDependency section */
		88C895112FCC7FC100617073 /* Sparkle */ = {
			isa = XCSwiftPackageProductDependency;
			package = 88C895102FCC7FC100617073 /* XCRemoteSwiftPackageReference "Sparkle" */;
			productName = Sparkle;
		};
/* End XCSwiftPackageProductDependency section */
	};
	rootObject = A7B63905B7F834888F9EACCE /* Project object */;
}
