// !$*UTF8*$!
{
	archiveVersion = 1;
	classes = {
	};
	objectVersion = 77;
	objects = {

/* Begin PBXContainerItemProxy section */
		04088AF375E1364BBB22476F /* PBXContainerItemProxy */ = {
			isa = PBXContainerItemProxy;
			containerPortal = A7B63905B7F834888F9EACCE /* Project object */;
			proxyType = 1;
			remoteGlobalIDString = 34AB00A397D4C574D27D4777;
			remoteInfo = NickHelper;
		};
		48A832D3FA3AB4C7031A0EE0 /* PBXContainerItemProxy */ = {
			isa = PBXContainerItemProxy;
			containerPortal = A7B63905B7F834888F9EACCE /* Project object */;
			proxyType = 1;
			remoteGlobalIDString = A7068781809A7A01D520A3F7;
			remoteInfo = Nick;
		};
		6A2325E00566DFE3F04D7C56 /* PBXContainerItemProxy */ = {
			isa = PBXContainerItemProxy;
			containerPortal = A7B63905B7F834888F9EACCE /* Project object */;
			proxyType = 1;
			remoteGlobalIDString = A7068781809A7A01D520A3F7;
			remoteInfo = Nick;
		};
/* End PBXContainerItemProxy section */

/* Begin PBXFileReference section */
		1E8F435E967C1E411C4372EE /* NickTests.xctest */ = {isa = PBXFileReference; explicitFileType = wrapper.cfbundle; includeInIndex = 0; path = NickTests.xctest; sourceTree = BUILT_PRODUCTS_DIR; };
		38DFE5592D83150BDECCFBB9 /* NickIntegrationTests.xctest */ = {isa = PBXFileReference; explicitFileType = wrapper.cfbundle; includeInIndex = 0; path = NickIntegrationTests.xctest; sourceTree = BUILT_PRODUCTS_DIR; };
		5CA9A7DC5A8387423EC9412E /* NickHelper */ = {isa = PBXFileReference; explicitFileType = "compiled.mach-o.executable"; includeInIndex = 0; path = NickHelper; sourceTree = BUILT_PRODUCTS_DIR; };
		8B8901B2276260484B8A6A0C /* Nick.app */ = {isa = PBXFileReference; explicitFileType = wrapper.application; includeInIndex = 0; path = Nick.app; sourceTree = BUILT_PRODUCTS_DIR; };
/* End PBXFileReference section */

/* Begin PBXFileSystemSynchronizedBuildFileExceptionSet section */
		885ADC712FBFAF9F00664E7B /* Exceptions for "Nick" folder in "Nick" target */ = {
			isa = PBXFileSystemSynchronizedBuildFileExceptionSet;
			membershipExceptions = (
				Info.plist,
			);
			target = A7068781809A7A01D520A3F7 /* Nick */;
		};
/* End PBXFileSystemSynchronizedBuildFileExceptionSet section */

/* Begin PBXFileSystemSynchronizedRootGroup section */
		885ADC512FBFAF9E00664E7B /* Nick */ = {
			isa = PBXFileSystemSynchronizedRootGroup;
			exceptions = (
				885ADC712FBFAF9F00664E7B /* Exceptions for "Nick" folder in "Nick" target */,
			);
			path = Nick;
			sourceTree = "<group>";
		};
		885ADC752FBFAFA200664E7B /* NickHelper */ = {
			isa = PBXFileSystemSynchronizedRootGroup;
			path = NickHelper;
			sourceTree = "<group>";
		};
		885ADC792FBFAFA600664E7B /* NickIntegrationTests */ = {
			isa = PBXFileSystemSynchronizedRootGroup;
			path = NickIntegrationTests;
			sourceTree = "<group>";
		};
		885ADC842FBFAFA900664E7B /* NickTests */ = {
			isa = PBXFileSystemSynchronizedRootGroup;
			path = NickTests;
			sourceTree = "<group>";
		};
/* End PBXFileSystemSynchronizedRootGroup section */

/* Begin PBXGroup section */
		428C90590A8B2419274FDF24 /* Products */ = {
			isa = PBXGroup;
			children = (
				8B8901B2276260484B8A6A0C /* Nick.app */,
				5CA9A7DC5A8387423EC9412E /* NickHelper */,
				38DFE5592D83150BDECCFBB9 /* NickIntegrationTests.xctest */,
				1E8F435E967C1E411C4372EE /* NickTests.xctest */,
			);
			name = Products;
			sourceTree = "<group>";
		};
		BCABA6CBA60235CC5F3E0F78 = {
			isa = PBXGroup;
			children = (
				885ADC512FBFAF9E00664E7B /* Nick */,
				885ADC752FBFAFA200664E7B /* NickHelper */,
				885ADC792FBFAFA600664E7B /* NickIntegrationTests */,
				885ADC842FBFAFA900664E7B /* NickTests */,
				428C90590A8B2419274FDF24 /* Products */,
			);
			sourceTree = "<group>";
		};
/* End PBXGroup section */

/* Begin PBXNativeTarget section */
		34AB00A397D4C574D27D4777 /* NickHelper */ = {
			isa = PBXNativeTarget;
			buildConfigurationList = 4E804938D5C2E26AFAC5A7E5 /* Build configuration list for PBXNativeTarget "NickHelper" */;
			buildPhases = (
				5166D55BB7ED7C0C74139506 /* Sources */,
			);
			buildRules = (
			);
			dependencies = (
			);
			fileSystemSynchronizedGroups = (
				885ADC752FBFAFA200664E7B /* NickHelper */,
			);
			name = NickHelper;
			packageProductDependencies = (
			);
			productName = NickHelper;
			productReference = 5CA9A7DC5A8387423EC9412E /* NickHelper */;
			productType = "com.apple.product-type.tool";
		};
		A7068781809A7A01D520A3F7 /* Nick */ = {
			isa = PBXNativeTarget;
			buildConfigurationList = 0FAF328DF60C4A225367D977 /* Build configuration list for PBXNativeTarget "Nick" */;
			buildPhases = (
				FD3030CD51A6F9759B07888B /* Sources */,
				1E5C0074F6A2B9D1CE8EFCDE /* Resources */,
			);
			buildRules = (
			);
			dependencies = (
				535A0CC3BF4FE0A60C515DAF /* PBXTargetDependency */,
			);
			fileSystemSynchronizedGroups = (
				885ADC512FBFAF9E00664E7B /* Nick */,
			);
			name = Nick;
			packageProductDependencies = (
			);
			productName = Nick;
			productReference = 8B8901B2276260484B8A6A0C /* Nick.app */;
			productType = "com.apple.product-type.application";
		};
		EFAE930A65D7BB016CE44088 /* NickIntegrationTests */ = {
			isa = PBXNativeTarget;
			buildConfigurationList = 7ED007252911F604A4D99D49 /* Build configuration list for PBXNativeTarget "NickIntegrationTests" */;
			buildPhases = (
				1B558429B1846E674F0E28CA /* Sources */,
			);
			buildRules = (
			);
			dependencies = (
				B3CC946096B63B8E77454012 /* PBXTargetDependency */,
			);
			fileSystemSynchronizedGroups = (
				885ADC792FBFAFA600664E7B /* NickIntegrationTests */,
			);
			name = NickIntegrationTests;
			packageProductDependencies = (
			);
			productName = NickIntegrationTests;
			productReference = 38DFE5592D83150BDECCFBB9 /* NickIntegrationTests.xctest */;
			productType = "com.apple.product-type.bundle.unit-test";
		};
		F41503E0B5121344E9E560D5 /* NickTests */ = {
			isa = PBXNativeTarget;
			buildConfigurationList = DE67B373B019832FAC9F285C /* Build configuration list for PBXNativeTarget "NickTests" */;
			buildPhases = (
				E318E54F97094451CD5E4844 /* Sources */,
			);
			buildRules = (
			);
			dependencies = (
				A058580EB3C27AE81DAEAE0A /* PBXTargetDependency */,
			);
			fileSystemSynchronizedGroups = (
				885ADC842FBFAFA900664E7B /* NickTests */,
			);
			name = NickTests;
			packageProductDependencies = (
			);
			productName = NickTests;
			productReference = 1E8F435E967C1E411C4372EE /* NickTests.xctest */;
			productType = "com.apple.product-type.bundle.unit-test";
		};
/* End PBXNativeTarget section */

/* Begin PBXProject section */
		A7B63905B7F834888F9EACCE /* Project object */ = {
			isa = PBXProject;
			attributes = {
				BuildIndependentTargetsInParallel = YES;
				LastUpgradeCheck = 1600;
				TargetAttributes = {
					34AB00A397D4C574D27D4777 = {
						ProvisioningStyle = Automatic;
					};
					A7068781809A7A01D520A3F7 = {
						ProvisioningStyle = Automatic;
					};
				};
			};
			buildConfigurationList = 419DD7835B41EF667DA1A60C /* Build configuration list for PBXProject "Nick" */;
			developmentRegion = en;
			hasScannedForEncodings = 0;
			knownRegions = (
				Base,
				en,
			);
			mainGroup = BCABA6CBA60235CC5F3E0F78;
			minimizedProjectReferenceProxies = 1;
			preferredProjectObjectVersion = 77;
			productRefGroup = 428C90590A8B2419274FDF24 /* Products */;
			projectDirPath = "";
			projectRoot = "";
			targets = (
				A7068781809A7A01D520A3F7 /* Nick */,
				34AB00A397D4C574D27D4777 /* NickHelper */,
				EFAE930A65D7BB016CE44088 /* NickIntegrationTests */,
				F41503E0B5121344E9E560D5 /* NickTests */,
			);
		};
/* End PBXProject section */

/* Begin PBXResourcesBuildPhase section */
		1E5C0074F6A2B9D1CE8EFCDE /* Resources */ = {
			isa = PBXResourcesBuildPhase;
			buildActionMask = 2147483647;
			files = (
			);
			runOnlyForDeploymentPostprocessing = 0;
		};
/* End PBXResourcesBuildPhase section */

/* Begin PBXSourcesBuildPhase section */
		1B558429B1846E674F0E28CA /* Sources */ = {
			isa = PBXSourcesBuildPhase;
			buildActionMask = 2147483647;
			files = (
			);
			runOnlyForDeploymentPostprocessing = 0;
		};
		5166D55BB7ED7C0C74139506 /* Sources */ = {
			isa = PBXSourcesBuildPhase;
			buildActionMask = 2147483647;
			files = (
			);
			runOnlyForDeploymentPostprocessing = 0;
		};
		E318E54F97094451CD5E4844 /* Sources */ = {
			isa = PBXSourcesBuildPhase;
			buildActionMask = 2147483647;
			files = (
			);
			runOnlyForDeploymentPostprocessing = 0;
		};
		FD3030CD51A6F9759B07888B /* Sources */ = {
			isa = PBXSourcesBuildPhase;
			buildActionMask = 2147483647;
			files = (
			);
			runOnlyForDeploymentPostprocessing = 0;
		};
/* End PBXSourcesBuildPhase section */

/* Begin PBXTargetDependency section */
		535A0CC3BF4FE0A60C515DAF /* PBXTargetDependency */ = {
			isa = PBXTargetDependency;
			target = 34AB00A397D4C574D27D4777 /* NickHelper */;
			targetProxy = 04088AF375E1364BBB22476F /* PBXContainerItemProxy */;
		};
		A058580EB3C27AE81DAEAE0A /* PBXTargetDependency */ = {
			isa = PBXTargetDependency;
			target = A7068781809A7A01D520A3F7 /* Nick */;
			targetProxy = 6A2325E00566DFE3F04D7C56 /* PBXContainerItemProxy */;
		};
		B3CC946096B63B8E77454012 /* PBXTargetDependency */ = {
			isa = PBXTargetDependency;
			target = A7068781809A7A01D520A3F7 /* Nick */;
			targetProxy = 48A832D3FA3AB4C7031A0EE0 /* PBXContainerItemProxy */;
		};
/* End PBXTargetDependency section */

/* Begin XCBuildConfiguration section */
		0096B53A95CBCF39D2CC1D2C /* Debug */ = {
			isa = XCBuildConfiguration;
			buildSettings = {
				ALWAYS_SEARCH_USER_PATHS = NO;
				CLANG_ANALYZER_NONNULL = YES;
				CLANG_ANALYZER_NUMBER_OBJECT_CONVERSION = YES_AGGRESSIVE;
				CLANG_CXX_LANGUAGE_STANDARD = "gnu++14";
				CLANG_CXX_LIBRARY = "libc++";
				CLANG_ENABLE_MODULES = YES;
				CLANG_ENABLE_OBJC_ARC = YES;
				CLANG_ENABLE_OBJC_WEAK = YES;
				CLANG_WARN_BLOCK_CAPTURE_AUTORELEASING = YES;
				CLANG_WARN_BOOL_CONVERSION = YES;
				CLANG_WARN_COMMA = YES;
				CLANG_WARN_CONSTANT_CONVERSION = YES;
				CLANG_WARN_DEPRECATED_OBJC_IMPLEMENTATIONS = YES;
				CLANG_WARN_DIRECT_OBJC_ISA_USAGE = YES_ERROR;
				CLANG_WARN_DOCUMENTATION_COMMENTS = YES;
				CLANG_WARN_EMPTY_BODY = YES;
				CLANG_WARN_ENUM_CONVERSION = YES;
				CLANG_WARN_INFINITE_RECURSION = YES;
				CLANG_WARN_INT_CONVERSION = YES;
				CLANG_WARN_NON_LITERAL_NULL_CONVERSION = YES;
				CLANG_WARN_OBJC_IMPLICIT_RETAIN_SELF = YES;
				CLANG_WARN_OBJC_LITERAL_CONVERSION = YES;
				CLANG_WARN_OBJC_ROOT_CLASS = YES_ERROR;
				CLANG_WARN_QUOTED_INCLUDE_IN_FRAMEWORK_HEADER = YES;
				CLANG_WARN_RANGE_LOOP_ANALYSIS = YES;
				CLANG_WARN_STRICT_PROTOTYPES = YES;
				CLANG_WARN_SUSPICIOUS_MOVE = YES;
				CLANG_WARN_UNGUARDED_AVAILABILITY = YES_AGGRESSIVE;
				CLANG_WARN_UNREACHABLE_CODE = YES;
				CLANG_WARN__DUPLICATE_METHOD_MATCH = YES;
				COPY_PHASE_STRIP = NO;
				CURRENT_PROJECT_VERSION = 1;
				DEBUG_INFORMATION_FORMAT = dwarf;
				ENABLE_STRICT_OBJC_MSGSEND = YES;
				ENABLE_TESTABILITY = YES;
				GCC_C_LANGUAGE_STANDARD = gnu11;
				GCC_DYNAMIC_NO_PIC = NO;
				GCC_NO_COMMON_BLOCKS = YES;
				GCC_OPTIMIZATION_LEVEL = 0;
				GCC_PREPROCESSOR_DEFINITIONS = (
					"$(inherited)",
					"DEBUG=1",
				);
				GCC_WARN_64_TO_32_BIT_CONVERSION = YES;
				GCC_WARN_ABOUT_RETURN_TYPE = YES_ERROR;
				GCC_WARN_UNDECLARED_SELECTOR = YES;
				GCC_WARN_UNINITIALIZED_AUTOS = YES_AGGRESSIVE;
				GCC_WARN_UNUSED_FUNCTION = YES;
				GCC_WARN_UNUSED_VARIABLE = YES;
				MACOSX_DEPLOYMENT_TARGET = 14.0;
				MARKETING_VERSION = 0.1.0;
				MTL_ENABLE_DEBUG_INFO = INCLUDE_SOURCE;
				MTL_FAST_MATH = YES;
				ONLY_ACTIVE_ARCH = YES;
				PRODUCT_NAME = "$(TARGET_NAME)";
				SDKROOT = macosx;
				SWIFT_ACTIVE_COMPILATION_CONDITIONS = DEBUG;
				SWIFT_OPTIMIZATION_LEVEL = "-Onone";
				SWIFT_VERSION = 6.0;
			};
			name = Debug;
		};
		02043DECA96EDD1EC8B9B765 /* Debug */ = {
			isa = XCBuildConfiguration;
			buildSettings = {
				CODE_SIGN_STYLE = Automatic;
				COMBINE_HIDPI_IMAGES = YES;
				DEVELOPMENT_TEAM = UXGW5V3BY6;
				ENABLE_HARDENED_RUNTIME = YES;
				INFOPLIST_FILE = NickHelper/Info.plist;
				LD_RUNPATH_SEARCH_PATHS = (
					"$(inherited)",
					"@executable_path/../Frameworks",
				);
				MACOSX_DEPLOYMENT_TARGET = 14.0;
				PRODUCT_BUNDLE_IDENTIFIER = com.ehsanazish.nick.helper;
				SDKROOT = macosx;
			};
			name = Debug;
		};
		0BA1F1D116F6A7CDFD9E07B2 /* Debug */ = {
			isa = XCBuildConfiguration;
			buildSettings = {
				ASSETCATALOG_COMPILER_APPICON_NAME = AppIcon;
				CODE_SIGN_STYLE = Automatic;
				COMBINE_HIDPI_IMAGES = YES;
				DEVELOPMENT_TEAM = UXGW5V3BY6;
				ENABLE_APP_SANDBOX = NO;
				ENABLE_HARDENED_RUNTIME = YES;
				HEADER_SEARCH_PATHS = (
					"$(inherited)",
					"$(SRCROOT)/Nick/Core/YARAEngine/Vendor/include",
				);
				INFOPLIST_FILE = Nick/Info.plist;
				LD_RUNPATH_SEARCH_PATHS = (
					"$(inherited)",
					"@executable_path/../Frameworks",
				);
				MACOSX_DEPLOYMENT_TARGET = 14.0;
				OTHER_LDFLAGS = (
					"$(inherited)",
					"$(SRCROOT)/Nick/Core/YARAEngine/Vendor/libyara-universal.a",
				);
				PRODUCT_BUNDLE_IDENTIFIER = com.ehsanazish.nick;
				SDKROOT = macosx;
				SWIFT_OBJC_BRIDGING_HEADER = "Nick/Core/YARAEngine/YARABridge.h";
			};
			name = Debug;
		};
		2E7598FF979E8502DFF88B67 /* Release */ = {
			isa = XCBuildConfiguration;
			buildSettings = {
				ALWAYS_SEARCH_USER_PATHS = NO;
				CLANG_ANALYZER_NONNULL = YES;
				CLANG_ANALYZER_NUMBER_OBJECT_CONVERSION = YES_AGGRESSIVE;
				CLANG_CXX_LANGUAGE_STANDARD = "gnu++14";
				CLANG_CXX_LIBRARY = "libc++";
				CLANG_ENABLE_MODULES = YES;
				CLANG_ENABLE_OBJC_ARC = YES;
				CLANG_ENABLE_OBJC_WEAK = YES;
				CLANG_WARN_BLOCK_CAPTURE_AUTORELEASING = YES;
				CLANG_WARN_BOOL_CONVERSION = YES;
				CLANG_WARN_COMMA = YES;
				CLANG_WARN_CONSTANT_CONVERSION = YES;
				CLANG_WARN_DEPRECATED_OBJC_IMPLEMENTATIONS = YES;
				CLANG_WARN_DIRECT_OBJC_ISA_USAGE = YES_ERROR;
				CLANG_WARN_DOCUMENTATION_COMMENTS = YES;
				CLANG_WARN_EMPTY_BODY = YES;
				CLANG_WARN_ENUM_CONVERSION = YES;
				CLANG_WARN_INFINITE_RECURSION = YES;
				CLANG_WARN_INT_CONVERSION = YES;
				CLANG_WARN_NON_LITERAL_NULL_CONVERSION = YES;
				CLANG_WARN_OBJC_IMPLICIT_RETAIN_SELF = YES;
				CLANG_WARN_OBJC_LITERAL_CONVERSION = YES;
				CLANG_WARN_OBJC_ROOT_CLASS = YES_ERROR;
				CLANG_WARN_QUOTED_INCLUDE_IN_FRAMEWORK_HEADER = YES;
				CLANG_WARN_RANGE_LOOP_ANALYSIS = YES;
				CLANG_WARN_STRICT_PROTOTYPES = YES;
				CLANG_WARN_SUSPICIOUS_MOVE = YES;
				CLANG_WARN_UNGUARDED_AVAILABILITY = YES_AGGRESSIVE;
				CLANG_WARN_UNREACHABLE_CODE = YES;
				CLANG_WARN__DUPLICATE_METHOD_MATCH = YES;
				COPY_PHASE_STRIP = NO;
				CURRENT_PROJECT_VERSION = 1;
				DEBUG_INFORMATION_FORMAT = "dwarf-with-dsym";
				ENABLE_NS_ASSERTIONS = NO;
				ENABLE_STRICT_OBJC_MSGSEND = YES;
				GCC_C_LANGUAGE_STANDARD = gnu11;
				GCC_NO_COMMON_BLOCKS = YES;
				GCC_WARN_64_TO_32_BIT_CONVERSION = YES;
				GCC_WARN_ABOUT_RETURN_TYPE = YES_ERROR;
				GCC_WARN_UNDECLARED_SELECTOR = YES;
				GCC_WARN_UNINITIALIZED_AUTOS = YES_AGGRESSIVE;
				GCC_WARN_UNUSED_FUNCTION = YES;
				GCC_WARN_UNUSED_VARIABLE = YES;
				HEADER_SEARCH_PATHS = (
					"$(inherited)",
					"$(SRCROOT)/Nick/Core/YARAEngine/Vendor/include",
				);
				MACOSX_DEPLOYMENT_TARGET = 14.0;
				MARKETING_VERSION = 0.1.0;
				MTL_ENABLE_DEBUG_INFO = NO;
				MTL_FAST_MATH = YES;
				PRODUCT_NAME = "$(TARGET_NAME)";
				SDKROOT = macosx;
				SWIFT_COMPILATION_MODE = wholemodule;
				SWIFT_OPTIMIZATION_LEVEL = "-O";
				SWIFT_VERSION = 6.0;
			};
			name = Release;
		};
		756C197151931D0869C6F134 /* Release */ = {
			isa = XCBuildConfiguration;
			buildSettings = {
				BUNDLE_LOADER = "$(TEST_HOST)";
				CODE_SIGN_IDENTITY = "Apple Development";
				CODE_SIGN_STYLE = Automatic;
				COMBINE_HIDPI_IMAGES = YES;
				DEVELOPMENT_TEAM = UXGW5V3BY6;
				GENERATE_INFOPLIST_FILE = YES;
				HEADER_SEARCH_PATHS = (
					"$(inherited)",
					"$(SRCROOT)/Nick/Core/YARAEngine/Vendor/include",
				);
				LD_RUNPATH_SEARCH_PATHS = (
					"$(inherited)",
					"@executable_path/../Frameworks",
					"@loader_path/../Frameworks",
				);
				MACOSX_DEPLOYMENT_TARGET = 14.0;
				PRODUCT_BUNDLE_IDENTIFIER = "com.ehsanazish.nick.integration-tests";
				PROVISIONING_PROFILE_SPECIFIER = "";
				SDKROOT = macosx;
				TEST_HOST = "$(BUILT_PRODUCTS_DIR)/Nick.app/Contents/MacOS/Nick";
			};
			name = Release;
		};
		79D2777381DAA50E7EB77F21 /* Debug */ = {
			isa = XCBuildConfiguration;
			buildSettings = {
				BUNDLE_LOADER = "$(TEST_HOST)";
				CODE_SIGN_IDENTITY = "Apple Development";
				CODE_SIGN_STYLE = Automatic;
				COMBINE_HIDPI_IMAGES = YES;
				DEVELOPMENT_TEAM = UXGW5V3BY6;
				GENERATE_INFOPLIST_FILE = YES;
				HEADER_SEARCH_PATHS = (
					"$(inherited)",
					"$(SRCROOT)/Nick/Core/YARAEngine/Vendor/include",
				);
				LD_RUNPATH_SEARCH_PATHS = (
					"$(inherited)",
					"@executable_path/../Frameworks",
					"@loader_path/../Frameworks",
				);
				MACOSX_DEPLOYMENT_TARGET = 14.0;
				PRODUCT_BUNDLE_IDENTIFIER = "com.ehsanazish.nick.integration-tests";
				PROVISIONING_PROFILE_SPECIFIER = "";
				SDKROOT = macosx;
				TEST_HOST = "$(BUILT_PRODUCTS_DIR)/Nick.app/Contents/MacOS/Nick";
			};
			name = Debug;
		};
		7B9E75AA33A8D092400ACD23 /* Release */ = {
			isa = XCBuildConfiguration;
			buildSettings = {
				ASSETCATALOG_COMPILER_APPICON_NAME = AppIcon;
				CODE_SIGN_STYLE = Automatic;
				COMBINE_HIDPI_IMAGES = YES;
				DEVELOPMENT_TEAM = UXGW5V3BY6;
				ENABLE_APP_SANDBOX = NO;
				ENABLE_HARDENED_RUNTIME = YES;
				HEADER_SEARCH_PATHS = (
					"$(inherited)",
					"$(SRCROOT)/Nick/Core/YARAEngine/Vendor/include",
				);
				INFOPLIST_FILE = Nick/Info.plist;
				LD_RUNPATH_SEARCH_PATHS = (
					"$(inherited)",
					"@executable_path/../Frameworks",
				);
				MACOSX_DEPLOYMENT_TARGET = 14.0;
				OTHER_LDFLAGS = (
					"$(inherited)",
					"$(SRCROOT)/Nick/Core/YARAEngine/Vendor/libyara-universal.a",
				);
				PRODUCT_BUNDLE_IDENTIFIER = com.ehsanazish.nick;
				SDKROOT = macosx;
				SWIFT_OBJC_BRIDGING_HEADER = "Nick/Core/YARAEngine/YARABridge.h";
			};
			name = Release;
		};
		B35BDA9A43F083632EF4965E /* Release */ = {
			isa = XCBuildConfiguration;
			buildSettings = {
				CODE_SIGN_STYLE = Automatic;
				COMBINE_HIDPI_IMAGES = YES;
				DEVELOPMENT_TEAM = UXGW5V3BY6;
				ENABLE_HARDENED_RUNTIME = YES;
				INFOPLIST_FILE = NickHelper/Info.plist;
				LD_RUNPATH_SEARCH_PATHS = (
					"$(inherited)",
					"@executable_path/../Frameworks",
				);
				MACOSX_DEPLOYMENT_TARGET = 14.0;
				PRODUCT_BUNDLE_IDENTIFIER = com.ehsanazish.nick.helper;
				SDKROOT = macosx;
			};
			name = Release;
		};
		DE616AE26C6DA38F897B9777 /* Release */ = {
			isa = XCBuildConfiguration;
			buildSettings = {
				BUNDLE_LOADER = "$(TEST_HOST)";
				CODE_SIGN_IDENTITY = "Apple Development";
				CODE_SIGN_STYLE = Automatic;
				COMBINE_HIDPI_IMAGES = YES;
				DEVELOPMENT_TEAM = UXGW5V3BY6;
				GENERATE_INFOPLIST_FILE = YES;
				HEADER_SEARCH_PATHS = (
					"$(inherited)",
					"$(SRCROOT)/Nick/Core/YARAEngine/Vendor/include",
				);
				LD_RUNPATH_SEARCH_PATHS = (
					"$(inherited)",
					"@executable_path/../Frameworks",
					"@loader_path/../Frameworks",
				);
				MACOSX_DEPLOYMENT_TARGET = 14.0;
				PRODUCT_BUNDLE_IDENTIFIER = com.ehsanazish.nick.tests;
				PROVISIONING_PROFILE_SPECIFIER = "";
				SDKROOT = macosx;
				TEST_HOST = "$(BUILT_PRODUCTS_DIR)/Nick.app/Contents/MacOS/Nick";
			};
			name = Release;
		};
		E087517E56371321A5DC4CFD /* Debug */ = {
			isa = XCBuildConfiguration;
			buildSettings = {
				BUNDLE_LOADER = "$(TEST_HOST)";
				CODE_SIGN_IDENTITY = "Apple Development";
				CODE_SIGN_STYLE = Automatic;
				COMBINE_HIDPI_IMAGES = YES;
				DEVELOPMENT_TEAM = UXGW5V3BY6;
				GENERATE_INFOPLIST_FILE = YES;
				HEADER_SEARCH_PATHS = (
					"$(inherited)",
					"$(SRCROOT)/Nick/Core/YARAEngine/Vendor/include",
				);
				LD_RUNPATH_SEARCH_PATHS = (
					"$(inherited)",
					"@executable_path/../Frameworks",
					"@loader_path/../Frameworks",
				);
				MACOSX_DEPLOYMENT_TARGET = 14.0;
				PRODUCT_BUNDLE_IDENTIFIER = com.ehsanazish.nick.tests;
				PROVISIONING_PROFILE_SPECIFIER = "";
				SDKROOT = macosx;
				TEST_HOST = "$(BUILT_PRODUCTS_DIR)/Nick.app/Contents/MacOS/Nick";
			};
			name = Debug;
		};
/* End XCBuildConfiguration section */

/* Begin XCConfigurationList section */
		0FAF328DF60C4A225367D977 /* Build configuration list for PBXNativeTarget "Nick" */ = {
			isa = XCConfigurationList;
			buildConfigurations = (
				0BA1F1D116F6A7CDFD9E07B2 /* Debug */,
				7B9E75AA33A8D092400ACD23 /* Release */,
			);
			defaultConfigurationIsVisible = 0;
			defaultConfigurationName = Debug;
		};
		419DD7835B41EF667DA1A60C /* Build configuration list for PBXProject "Nick" */ = {
			isa = XCConfigurationList;
			buildConfigurations = (
				0096B53A95CBCF39D2CC1D2C /* Debug */,
				2E7598FF979E8502DFF88B67 /* Release */,
			);
			defaultConfigurationIsVisible = 0;
			defaultConfigurationName = Debug;
		};
		4E804938D5C2E26AFAC5A7E5 /* Build configuration list for PBXNativeTarget "NickHelper" */ = {
			isa = XCConfigurationList;
			buildConfigurations = (
				02043DECA96EDD1EC8B9B765 /* Debug */,
				B35BDA9A43F083632EF4965E /* Release */,
			);
			defaultConfigurationIsVisible = 0;
			defaultConfigurationName = Debug;
		};
		7ED007252911F604A4D99D49 /* Build configuration list for PBXNativeTarget "NickIntegrationTests" */ = {
			isa = XCConfigurationList;
			buildConfigurations = (
				79D2777381DAA50E7EB77F21 /* Debug */,
				756C197151931D0869C6F134 /* Release */,
			);
			defaultConfigurationIsVisible = 0;
			defaultConfigurationName = Debug;
		};
		DE67B373B019832FAC9F285C /* Build configuration list for PBXNativeTarget "NickTests" */ = {
			isa = XCConfigurationList;
			buildConfigurations = (
				E087517E56371321A5DC4CFD /* Debug */,
				DE616AE26C6DA38F897B9777 /* Release */,
			);
			defaultConfigurationIsVisible = 0;
			defaultConfigurationName = Debug;
		};
/* End XCConfigurationList section */
	};
	rootObject = A7B63905B7F834888F9EACCE /* Project object */;
}
